// !$*UTF8*$!
{
	archiveVersion = 1;
	classes = {
	};
	objectVersion = 56;
	objects = {

/* Begin PBXBuildFile section */
		EB03234429A22F5D00256B66 /* BatteryWidget.swift in Sources */ = {isa = PBXBuildFile; fileRef = EB03234329A22F5D00256B66 /* BatteryWidget.swift */; };
		EB03234729A22FA700256B66 /* HvacWidget.swift in Sources */ = {isa = PBXBuildFile; fileRef = EB03234629A22FA700256B66 /* HvacWidget.swift */; };
		EB03234929A22FBF00256B66 /* HvacOptionsWidget.swift in Sources */ = {isa = PBXBuildFile; fileRef = EB03234829A22FBF00256B66 /* HvacOptionsWidget.swift */; };
		EB03234B29A22FD500256B66 /* VehicleStatusWidget.swift in Sources */ = {isa = PBXBuildFile; fileRef = EB03234A29A22FD500256B66 /* VehicleStatusWidget.swift */; };
		EB03234D29A2300000256B66 /* MapWidget.swift in Sources */ = {isa = PBXBuildFile; fileRef = EB03234C29A2300000256B66 /* MapWidget.swift */; };
		EB03235029A2302C00256B66 /* ControlItem.swift in Sources */ = {isa = PBXBuildFile; fileRef = EB03234F29A2302C00256B66 /* ControlItem.swift */; };
		EB03235229A2305200256B66 /* HvacControlItem.swift in Sources */ = {isa = PBXBuildFile; fileRef = EB03235129A2305200256B66 /* HvacControlItem.swift */; };
		EB03235429A2307200256B66 /* Widget.swift in Sources */ = {isa = PBXBuildFile; fileRef = EB03235329A2307200256B66 /* Widget.swift */; };
		EB0FB988296EC1DE00898ADA /* ClimateControlScheduleView.swift in Sources */ = {isa = PBXBuildFile; fileRef = EB0FB987296EC1DE00898ADA /* ClimateControlScheduleView.swift */; };
		EB0FB98B296F2C3000898ADA /* Lottie in Frameworks */ = {isa = PBXBuildFile; productRef = EB0FB98A296F2C3000898ADA /* Lottie */; };
		EB0FB98D296F2CD100898ADA /* air-conditioner-and-heater-lottie.json in Resources */ = {isa = PBXBuildFile; fileRef = EB0FB98C296F2CD100898ADA /* air-conditioner-and-heater-lottie.json */; };
		EB28828E29CE42EA0001E44C /* SettingsView.swift in Sources */ = {isa = PBXBuildFile; fileRef = EB28828D29CE42EA0001E44C /* SettingsView.swift */; };
		EB2C14CA29A2D13500ED944C /* LockControlItem.swift in Sources */ = {isa = PBXBuildFile; fileRef = EB2C14C929A2D13500ED944C /* LockControlItem.swift */; };
		EB3398B0295F16F300E4B2B2 /* Schedule.swift in Sources */ = {isa = PBXBuildFile; fileRef = EB4321DB295DE03000A6BA52 /* Schedule.swift */; };
		EB40F539295F149E00064F1F /* Schedule.swift in Sources */ = {isa = PBXBuildFile; fileRef = EB4321DB295DE03000A6BA52 /* Schedule.swift */; };
		EB40F53A295F149E00064F1F /* Schedule.swift in Sources */ = {isa = PBXBuildFile; fileRef = EB4321DB295DE03000A6BA52 /* Schedule.swift */; };
		EB40F53B295F149F00064F1F /* Schedule.swift in Sources */ = {isa = PBXBuildFile; fileRef = EB4321DB295DE03000A6BA52 /* Schedule.swift */; };
		EB4321DA295DE00600A6BA52 /* ScheduleEntry.swift in Sources */ = {isa = PBXBuildFile; fileRef = EB4321D9295DE00600A6BA52 /* ScheduleEntry.swift */; };
		EB4321DC295DE03000A6BA52 /* Schedule.swift in Sources */ = {isa = PBXBuildFile; fileRef = EB4321DB295DE03000A6BA52 /* Schedule.swift */; };
		EB46C69F299ECBDB00AAB8AE /* DashboardView.swift in Sources */ = {isa = PBXBuildFile; fileRef = EB46C69E299ECBDB00AAB8AE /* DashboardView.swift */; };
		EB5FAE6B294F7EDC00FF160E /* BetterKia_iOSApp.swift in Sources */ = {isa = PBXBuildFile; fileRef = EB5FAE6A294F7EDC00FF160E /* BetterKia_iOSApp.swift */; };
		EB5FAE6D294F7EDC00FF160E /* ContentView.swift in Sources */ = {isa = PBXBuildFile; fileRef = EB5FAE6C294F7EDC00FF160E /* ContentView.swift */; };
		EB5FAE6F294F7EDD00FF160E /* Assets.xcassets in Resources */ = {isa = PBXBuildFile; fileRef = EB5FAE6E294F7EDD00FF160E /* Assets.xcassets */; };
		EB5FAE72294F7EDD00FF160E /* Preview Assets.xcassets in Resources */ = {isa = PBXBuildFile; fileRef = EB5FAE71294F7EDD00FF160E /* Preview Assets.xcassets */; };
		EB5FAE7C294F7EDD00FF160E /* BetterKia_iOSTests.swift in Sources */ = {isa = PBXBuildFile; fileRef = EB5FAE7B294F7EDD00FF160E /* BetterKia_iOSTests.swift */; };
		EB5FAE86294F7EDD00FF160E /* BetterKia_iOSUITests.swift in Sources */ = {isa = PBXBuildFile; fileRef = EB5FAE85294F7EDD00FF160E /* BetterKia_iOSUITests.swift */; };
		EB5FAE88294F7EDD00FF160E /* BetterKia_iOSUITestsLaunchTests.swift in Sources */ = {isa = PBXBuildFile; fileRef = EB5FAE87294F7EDD00FF160E /* BetterKia_iOSUITestsLaunchTests.swift */; };
		EB5FAE9B294F7F4B00FF160E /* Intents.framework in Frameworks */ = {isa = PBXBuildFile; fileRef = EB5FAE9A294F7F4B00FF160E /* Intents.framework */; };
		EB5FAE9E294F7F4B00FF160E /* IntentHandler.swift in Sources */ = {isa = PBXBuildFile; fileRef = EB5FAE9D294F7F4B00FF160E /* IntentHandler.swift */; };
		EB5FAEA2294F7F4B00FF160E /* BetterKia-iOSIntentsExtension.appex in Embed Foundation Extensions */ = {isa = PBXBuildFile; fileRef = EB5FAE98294F7F4B00FF160E /* BetterKia-iOSIntentsExtension.appex */; settings = {ATTRIBUTES = (RemoveHeadersOnCopy, ); }; };
		EB5FAEAA294F80B300FF160E /* AppDelegate.swift in Sources */ = {isa = PBXBuildFile; fileRef = EB5FAEA9294F80B300FF160E /* AppDelegate.swift */; };
		EB645C662A114F760080AED1 /* HistoryView.swift in Sources */ = {isa = PBXBuildFile; fileRef = EB645C652A114F760080AED1 /* HistoryView.swift */; };
		EB73FADE29A40B9D005B0A23 /* RefreshControlItem.swift in Sources */ = {isa = PBXBuildFile; fileRef = EB73FADD29A40B9D005B0A23 /* RefreshControlItem.swift */; };
		EB77092529992F29008F9952 /* SceneDelegate.swift in Sources */ = {isa = PBXBuildFile; fileRef = EB77092429992F29008F9952 /* SceneDelegate.swift */; };
		EB7709282999387B008F9952 /* VehicleManager.swift in Sources */ = {isa = PBXBuildFile; fileRef = EB7709272999387B008F9952 /* VehicleManager.swift */; };
		EB77092A29993C8C008F9952 /* StartInfoView.swift in Sources */ = {isa = PBXBuildFile; fileRef = EB77092929993C8C008F9952 /* StartInfoView.swift */; };
		EB83315A295485D500A23566 /* VehicleStatusWidgetLiveActivity.swift in Sources */ = {isa = PBXBuildFile; fileRef = EB9EE7BD2950AFFE009D4D6A /* VehicleStatusWidgetLiveActivity.swift */; };
		EB9EE779295080FD009D4D6A /* BetterKiaApp.swift in Sources */ = {isa = PBXBuildFile; fileRef = EB9EE778295080FD009D4D6A /* BetterKiaApp.swift */; };
		EB9EE77B295080FD009D4D6A /* ContentView.swift in Sources */ = {isa = PBXBuildFile; fileRef = EB9EE77A295080FD009D4D6A /* ContentView.swift */; };
		EB9EE77D295080FE009D4D6A /* Assets.xcassets in Resources */ = {isa = PBXBuildFile; fileRef = EB9EE77C295080FE009D4D6A /* Assets.xcassets */; };
		EB9EE780295080FE009D4D6A /* Preview Assets.xcassets in Resources */ = {isa = PBXBuildFile; fileRef = EB9EE77F295080FE009D4D6A /* Preview Assets.xcassets */; };
		EB9EE783295080FE009D4D6A /* BetterKia Watch App.app in Embed Watch Content */ = {isa = PBXBuildFile; fileRef = EB9EE776295080FD009D4D6A /* BetterKia Watch App.app */; settings = {ATTRIBUTES = (RemoveHeadersOnCopy, ); }; };
		EB9EE78C2950811C009D4D6A /* Intents.framework in Frameworks */ = {isa = PBXBuildFile; fileRef = EB5FAE9A294F7F4B00FF160E /* Intents.framework */; };
		EB9EE78F2950811C009D4D6A /* IntentHandler.swift in Sources */ = {isa = PBXBuildFile; fileRef = EB9EE78E2950811C009D4D6A /* IntentHandler.swift */; };
		EB9EE7932950811C009D4D6A /* BetterKia-WatchIntentsExtension.appex in Embed Foundation Extensions */ = {isa = PBXBuildFile; fileRef = EB9EE78B2950811C009D4D6A /* BetterKia-WatchIntentsExtension.appex */; settings = {ATTRIBUTES = (RemoveHeadersOnCopy, ); }; };
		EB9EE7982950813C009D4D6A /* GetCarsListHandler.swift in Sources */ = {isa = PBXBuildFile; fileRef = EBEA29432950687900B3457A /* GetCarsListHandler.swift */; };
		EB9EE7992950813C009D4D6A /* SetCarLockStatusHandler.swift in Sources */ = {isa = PBXBuildFile; fileRef = EBEA294629506FCC00B3457A /* SetCarLockStatusHandler.swift */; };
		EB9EE79A2950813C009D4D6A /* GetChargeRequestHandler.swift in Sources */ = {isa = PBXBuildFile; fileRef = EB5FAEA7294F7F9000FF160E /* GetChargeRequestHandler.swift */; };
		EB9EE79C29508174009D4D6A /* VehicleStatusResponse.swift in Sources */ = {isa = PBXBuildFile; fileRef = EBEA29402950633500B3457A /* VehicleStatusResponse.swift */; };
		EB9EE79D29508177009D4D6A /* VehicleStatusResponse.swift in Sources */ = {isa = PBXBuildFile; fileRef = EBEA29402950633500B3457A /* VehicleStatusResponse.swift */; };
		EB9EE7A1295093BB009D4D6A /* StartClimateControlHandler.swift in Sources */ = {isa = PBXBuildFile; fileRef = EB9EE7A0295093BB009D4D6A /* StartClimateControlHandler.swift */; };
		EB9EE7A3295093DC009D4D6A /* StartClimateControlHandler.swift in Sources */ = {isa = PBXBuildFile; fileRef = EB9EE7A0295093BB009D4D6A /* StartClimateControlHandler.swift */; };
		EB9EE7A5295095E5009D4D6A /* Intents.intentdefinition in Sources */ = {isa = PBXBuildFile; fileRef = EB9EE7A8295095E5009D4D6A /* Intents.intentdefinition */; };
		EB9EE7A6295095E5009D4D6A /* Intents.intentdefinition in Sources */ = {isa = PBXBuildFile; fileRef = EB9EE7A8295095E5009D4D6A /* Intents.intentdefinition */; };
		EB9EE7AD295099F9009D4D6A /* AppIntentVocabulary.plist in Resources */ = {isa = PBXBuildFile; fileRef = EB9EE7AF295099F9009D4D6A /* AppIntentVocabulary.plist */; };
		EB9EE7B72950AFFE009D4D6A /* WidgetKit.framework in Frameworks */ = {isa = PBXBuildFile; fileRef = EB9EE7B62950AFFE009D4D6A /* WidgetKit.framework */; };
		EB9EE7B92950AFFE009D4D6A /* SwiftUI.framework in Frameworks */ = {isa = PBXBuildFile; fileRef = EB9EE7B82950AFFE009D4D6A /* SwiftUI.framework */; };
		EB9EE7BC2950AFFE009D4D6A /* VehicleStatusWidgetBundle.swift in Sources */ = {isa = PBXBuildFile; fileRef = EB9EE7BB2950AFFE009D4D6A /* VehicleStatusWidgetBundle.swift */; };
		EB9EE7BE2950AFFE009D4D6A /* VehicleStatusWidgetLiveActivity.swift in Sources */ = {isa = PBXBuildFile; fileRef = EB9EE7BD2950AFFE009D4D6A /* VehicleStatusWidgetLiveActivity.swift */; };
		EB9EE7C02950AFFE009D4D6A /* VehicleStatusWidget.swift in Sources */ = {isa = PBXBuildFile; fileRef = EB9EE7BF2950AFFE009D4D6A /* VehicleStatusWidget.swift */; };
		EB9EE7C32950B000009D4D6A /* Assets.xcassets in Resources */ = {isa = PBXBuildFile; fileRef = EB9EE7C22950B000009D4D6A /* Assets.xcassets */; };
		EB9EE7C52950B000009D4D6A /* VehicleStatusWidget.intentdefinition in Sources */ = {isa = PBXBuildFile; fileRef = EB9EE7C12950AFFE009D4D6A /* VehicleStatusWidget.intentdefinition */; };
		EB9EE7C62950B000009D4D6A /* VehicleStatusWidget.intentdefinition in Sources */ = {isa = PBXBuildFile; fileRef = EB9EE7C12950AFFE009D4D6A /* VehicleStatusWidget.intentdefinition */; };
		EB9EE7C92950B000009D4D6A /* BetterKia-iOSWidgets.appex in Embed Foundation Extensions */ = {isa = PBXBuildFile; fileRef = EB9EE7B52950AFFE009D4D6A /* BetterKia-iOSWidgets.appex */; settings = {ATTRIBUTES = (RemoveHeadersOnCopy, ); }; };
		EBA8D230299E51EE00C2ACBA /* TempCodeConverter.swift in Sources */ = {isa = PBXBuildFile; fileRef = EBA8D22F299E51EE00C2ACBA /* TempCodeConverter.swift */; };
		EBA8D232299E5E7000C2ACBA /* AuthManager.swift in Sources */ = {isa = PBXBuildFile; fileRef = EBA8D231299E5E7000C2ACBA /* AuthManager.swift */; };
		EBAD23C4299CE0A5005CF29F /* OnBoardingView.swift in Sources */ = {isa = PBXBuildFile; fileRef = EBAD23C3299CE0A5005CF29F /* OnBoardingView.swift */; };
		EBC1F73E2950DF7900BBEE5E /* VehicleStatusResponse.swift in Sources */ = {isa = PBXBuildFile; fileRef = EBEA29402950633500B3457A /* VehicleStatusResponse.swift */; };
		EBE11D7429D06614005863DC /* StoreKit.framework in Frameworks */ = {isa = PBXBuildFile; fileRef = EBE11D7329D06614005863DC /* StoreKit.framework */; };
		EBE11D7629D06778005863DC /* SelectSubscriptionView.swift in Sources */ = {isa = PBXBuildFile; fileRef = EBE11D7529D06778005863DC /* SelectSubscriptionView.swift */; };
		EBE11D7A29D06A1A005863DC /* ProductFetcher.swift in Sources */ = {isa = PBXBuildFile; fileRef = EBE11D7929D06A1A005863DC /* ProductFetcher.swift */; };
		EBEA29192950613E00B3457A /* GetChargeRequestHandler.swift in Sources */ = {isa = PBXBuildFile; fileRef = EB5FAEA7294F7F9000FF160E /* GetChargeRequestHandler.swift */; };
		EBEA29412950633500B3457A /* VehicleStatusResponse.swift in Sources */ = {isa = PBXBuildFile; fileRef = EBEA29402950633500B3457A /* VehicleStatusResponse.swift */; };
		EBEA29422950633D00B3457A /* VehicleStatusResponse.swift in Sources */ = {isa = PBXBuildFile; fileRef = EBEA29402950633500B3457A /* VehicleStatusResponse.swift */; };
		EBEA29442950687900B3457A /* GetCarsListHandler.swift in Sources */ = {isa = PBXBuildFile; fileRef = EBEA29432950687900B3457A /* GetCarsListHandler.swift */; };
		EBEA294729506FCC00B3457A /* SetCarLockStatusHandler.swift in Sources */ = {isa = PBXBuildFile; fileRef = EBEA294629506FCC00B3457A /* SetCarLockStatusHandler.swift */; };
		EBEBB7512955BA2C00296FBB /* ApiClient.swift in Sources */ = {isa = PBXBuildFile; fileRef = EBEBB7502955BA2C00296FBB /* ApiClient.swift */; };
		EBEBB7522955BA2C00296FBB /* ApiClient.swift in Sources */ = {isa = PBXBuildFile; fileRef = EBEBB7502955BA2C00296FBB /* ApiClient.swift */; };
		EBEBB7532955BA2C00296FBB /* ApiClient.swift in Sources */ = {isa = PBXBuildFile; fileRef = EBEBB7502955BA2C00296FBB /* ApiClient.swift */; };
		EBEBB7542955BA2C00296FBB /* ApiClient.swift in Sources */ = {isa = PBXBuildFile; fileRef = EBEBB7502955BA2C00296FBB /* ApiClient.swift */; };
		EBEBB7552955BA2C00296FBB /* ApiClient.swift in Sources */ = {isa = PBXBuildFile; fileRef = EBEBB7502955BA2C00296FBB /* ApiClient.swift */; };
		EBF623E929A23D67003044AC /* Sentry in Frameworks */ = {isa = PBXBuildFile; productRef = EBF623E829A23D67003044AC /* Sentry */; };
		EBF623EB29A23D67003044AC /* SentrySwiftUI in Frameworks */ = {isa = PBXBuildFile; productRef = EBF623EA29A23D67003044AC /* SentrySwiftUI */; };
		EBF623ED29A26120003044AC /* AlertManager.swift in Sources */ = {isa = PBXBuildFile; fileRef = EBF623EC29A26120003044AC /* AlertManager.swift */; };
		EBFCC1D129B8F97500736F76 /* SignInUsingKiaView.swift in Sources */ = {isa = PBXBuildFile; fileRef = EBFCC1D029B8F97500736F76 /* SignInUsingKiaView.swift */; };
		EBFCC1D229B91BCD00736F76 /* AuthManager.swift in Sources */ = {isa = PBXBuildFile; fileRef = EBA8D231299E5E7000C2ACBA /* AuthManager.swift */; };
		EBFCC1D329B91BCF00736F76 /* AuthManager.swift in Sources */ = {isa = PBXBuildFile; fileRef = EBA8D231299E5E7000C2ACBA /* AuthManager.swift */; };
		EBFCC1D429B91BD100736F76 /* AuthManager.swift in Sources */ = {isa = PBXBuildFile; fileRef = EBA8D231299E5E7000C2ACBA /* AuthManager.swift */; };
		EBFCC1D529B91BD300736F76 /* AuthManager.swift in Sources */ = {isa = PBXBuildFile; fileRef = EBA8D231299E5E7000C2ACBA /* AuthManager.swift */; };
/* End PBXBuildFile section */

/* Begin PBXContainerItemProxy section */
		EB5FAE78294F7EDD00FF160E /* PBXContainerItemProxy */ = {
			isa = PBXContainerItemProxy;
			containerPortal = EB5FAE5F294F7EDC00FF160E /* Project object */;
			proxyType = 1;
			remoteGlobalIDString = EB5FAE66294F7EDC00FF160E;
			remoteInfo = "BetterKia-iOS";
		};
		EB5FAE82294F7EDD00FF160E /* PBXContainerItemProxy */ = {
			isa = PBXContainerItemProxy;
			containerPortal = EB5FAE5F294F7EDC00FF160E /* Project object */;
			proxyType = 1;
			remoteGlobalIDString = EB5FAE66294F7EDC00FF160E;
			remoteInfo = "BetterKia-iOS";
		};
		EB5FAEA0294F7F4B00FF160E /* PBXContainerItemProxy */ = {
			isa = PBXContainerItemProxy;
			containerPortal = EB5FAE5F294F7EDC00FF160E /* Project object */;
			proxyType = 1;
			remoteGlobalIDString = EB5FAE97294F7F4A00FF160E;
			remoteInfo = GetChargeRequestExtension;
		};
		EB9EE781295080FE009D4D6A /* PBXContainerItemProxy */ = {
			isa = PBXContainerItemProxy;
			containerPortal = EB5FAE5F294F7EDC00FF160E /* Project object */;
			proxyType = 1;
			remoteGlobalIDString = EB9EE775295080FD009D4D6A;
			remoteInfo = "BetterKia Watch App";
		};
		EB9EE7912950811C009D4D6A /* PBXContainerItemProxy */ = {
			isa = PBXContainerItemProxy;
			containerPortal = EB5FAE5F294F7EDC00FF160E /* Project object */;
			proxyType = 1;
			remoteGlobalIDString = EB9EE78A2950811C009D4D6A;
			remoteInfo = WatchIntentsExtension;
		};
		EB9EE7C72950B000009D4D6A /* PBXContainerItemProxy */ = {
			isa = PBXContainerItemProxy;
			containerPortal = EB5FAE5F294F7EDC00FF160E /* Project object */;
			proxyType = 1;
			remoteGlobalIDString = EB9EE7B42950AFFE009D4D6A;
			remoteInfo = VehicleStatusWidgetExtension;
		};
/* End PBXContainerItemProxy section */

/* Begin PBXCopyFilesBuildPhase section */
		EB5FAEA6294F7F4B00FF160E /* Embed Foundation Extensions */ = {
			isa = PBXCopyFilesBuildPhase;
			buildActionMask = 2147483647;
			dstPath = "";
			dstSubfolderSpec = 13;
			files = (
				EB5FAEA2294F7F4B00FF160E /* BetterKia-iOSIntentsExtension.appex in Embed Foundation Extensions */,
				EB9EE7C92950B000009D4D6A /* BetterKia-iOSWidgets.appex in Embed Foundation Extensions */,
			);
			name = "Embed Foundation Extensions";
			runOnlyForDeploymentPostprocessing = 0;
		};
		EB9EE7972950811C009D4D6A /* Embed Foundation Extensions */ = {
			isa = PBXCopyFilesBuildPhase;
			buildActionMask = 2147483647;
			dstPath = "";
			dstSubfolderSpec = 13;
			files = (
				EB9EE7932950811C009D4D6A /* BetterKia-WatchIntentsExtension.appex in Embed Foundation Extensions */,
			);
			name = "Embed Foundation Extensions";
			runOnlyForDeploymentPostprocessing = 0;
		};
		EBEA293A2950624700B3457A /* Embed Frameworks */ = {
			isa = PBXCopyFilesBuildPhase;
			buildActionMask = 2147483647;
			dstPath = "";
			dstSubfolderSpec = 10;
			files = (
			);
			name = "Embed Frameworks";
			runOnlyForDeploymentPostprocessing = 0;
		};
		EBEA2976295077B900B3457A /* Embed Watch Content */ = {
			isa = PBXCopyFilesBuildPhase;
			buildActionMask = 2147483647;
			dstPath = "$(CONTENTS_FOLDER_PATH)/Watch";
			dstSubfolderSpec = 16;
			files = (
				EB9EE783295080FE009D4D6A /* BetterKia Watch App.app in Embed Watch Content */,
			);
			name = "Embed Watch Content";
			runOnlyForDeploymentPostprocessing = 0;
		};
/* End PBXCopyFilesBuildPhase section */

/* Begin PBXFileReference section */
		EB03234329A22F5D00256B66 /* BatteryWidget.swift */ = {isa = PBXFileReference; lastKnownFileType = sourcecode.swift; path = BatteryWidget.swift; sourceTree = "<group>"; };
		EB03234629A22FA700256B66 /* HvacWidget.swift */ = {isa = PBXFileReference; lastKnownFileType = sourcecode.swift; path = HvacWidget.swift; sourceTree = "<group>"; };
		EB03234829A22FBF00256B66 /* HvacOptionsWidget.swift */ = {isa = PBXFileReference; lastKnownFileType = sourcecode.swift; path = HvacOptionsWidget.swift; sourceTree = "<group>"; };
		EB03234A29A22FD500256B66 /* VehicleStatusWidget.swift */ = {isa = PBXFileReference; lastKnownFileType = sourcecode.swift; path = VehicleStatusWidget.swift; sourceTree = "<group>"; };
		EB03234C29A2300000256B66 /* MapWidget.swift */ = {isa = PBXFileReference; lastKnownFileType = sourcecode.swift; path = MapWidget.swift; sourceTree = "<group>"; };
		EB03234F29A2302C00256B66 /* ControlItem.swift */ = {isa = PBXFileReference; lastKnownFileType = sourcecode.swift; path = ControlItem.swift; sourceTree = "<group>"; };
		EB03235129A2305200256B66 /* HvacControlItem.swift */ = {isa = PBXFileReference; lastKnownFileType = sourcecode.swift; path = HvacControlItem.swift; sourceTree = "<group>"; };
		EB03235329A2307200256B66 /* Widget.swift */ = {isa = PBXFileReference; lastKnownFileType = sourcecode.swift; path = Widget.swift; sourceTree = "<group>"; };
		EB0FB987296EC1DE00898ADA /* ClimateControlScheduleView.swift */ = {isa = PBXFileReference; lastKnownFileType = sourcecode.swift; path = ClimateControlScheduleView.swift; sourceTree = "<group>"; };
		EB0FB98C296F2CD100898ADA /* air-conditioner-and-heater-lottie.json */ = {isa = PBXFileReference; fileEncoding = 4; lastKnownFileType = text.json; path = "air-conditioner-and-heater-lottie.json"; sourceTree = "<group>"; };
		EB28828D29CE42EA0001E44C /* SettingsView.swift */ = {isa = PBXFileReference; lastKnownFileType = sourcecode.swift; path = SettingsView.swift; sourceTree = "<group>"; };
		EB2C14C929A2D13500ED944C /* LockControlItem.swift */ = {isa = PBXFileReference; lastKnownFileType = sourcecode.swift; path = LockControlItem.swift; sourceTree = "<group>"; };
		EB4321D9295DE00600A6BA52 /* ScheduleEntry.swift */ = {isa = PBXFileReference; lastKnownFileType = sourcecode.swift; path = ScheduleEntry.swift; sourceTree = "<group>"; };
		EB4321DB295DE03000A6BA52 /* Schedule.swift */ = {isa = PBXFileReference; lastKnownFileType = sourcecode.swift; path = Schedule.swift; sourceTree = "<group>"; };
		EB46C69E299ECBDB00AAB8AE /* DashboardView.swift */ = {isa = PBXFileReference; lastKnownFileType = sourcecode.swift; path = DashboardView.swift; sourceTree = "<group>"; };
		EB4CECFE29BC89FC00C1B899 /* BetterKia-iOSWidgets.entitlements */ = {isa = PBXFileReference; lastKnownFileType = text.plist.entitlements; path = "BetterKia-iOSWidgets.entitlements"; sourceTree = "<group>"; };
		EB4CECFF29BC8A0F00C1B899 /* BetterKia-iOSIntentsExtension.entitlements */ = {isa = PBXFileReference; lastKnownFileType = text.plist.entitlements; path = "BetterKia-iOSIntentsExtension.entitlements"; sourceTree = "<group>"; };
		EB5FAE67294F7EDC00FF160E /* BetterKia-iOS.app */ = {isa = PBXFileReference; explicitFileType = wrapper.application; includeInIndex = 0; path = "BetterKia-iOS.app"; sourceTree = BUILT_PRODUCTS_DIR; };
		EB5FAE6A294F7EDC00FF160E /* BetterKia_iOSApp.swift */ = {isa = PBXFileReference; lastKnownFileType = sourcecode.swift; path = BetterKia_iOSApp.swift; sourceTree = "<group>"; };
		EB5FAE6C294F7EDC00FF160E /* ContentView.swift */ = {isa = PBXFileReference; lastKnownFileType = sourcecode.swift; path = ContentView.swift; sourceTree = "<group>"; };
		EB5FAE6E294F7EDD00FF160E /* Assets.xcassets */ = {isa = PBXFileReference; lastKnownFileType = folder.assetcatalog; path = Assets.xcassets; sourceTree = "<group>"; };
		EB5FAE71294F7EDD00FF160E /* Preview Assets.xcassets */ = {isa = PBXFileReference; lastKnownFileType = folder.assetcatalog; path = "Preview Assets.xcassets"; sourceTree = "<group>"; };
		EB5FAE77294F7EDD00FF160E /* BetterKia-iOSTests.xctest */ = {isa = PBXFileReference; explicitFileType = wrapper.cfbundle; includeInIndex = 0; path = "BetterKia-iOSTests.xctest"; sourceTree = BUILT_PRODUCTS_DIR; };
		EB5FAE7B294F7EDD00FF160E /* BetterKia_iOSTests.swift */ = {isa = PBXFileReference; lastKnownFileType = sourcecode.swift; path = BetterKia_iOSTests.swift; sourceTree = "<group>"; };
		EB5FAE81294F7EDD00FF160E /* BetterKia-iOSUITests.xctest */ = {isa = PBXFileReference; explicitFileType = wrapper.cfbundle; includeInIndex = 0; path = "BetterKia-iOSUITests.xctest"; sourceTree = BUILT_PRODUCTS_DIR; };
		EB5FAE85294F7EDD00FF160E /* BetterKia_iOSUITests.swift */ = {isa = PBXFileReference; lastKnownFileType = sourcecode.swift; path = BetterKia_iOSUITests.swift; sourceTree = "<group>"; };
		EB5FAE87294F7EDD00FF160E /* BetterKia_iOSUITestsLaunchTests.swift */ = {isa = PBXFileReference; lastKnownFileType = sourcecode.swift; path = BetterKia_iOSUITestsLaunchTests.swift; sourceTree = "<group>"; };
		EB5FAE98294F7F4B00FF160E /* BetterKia-iOSIntentsExtension.appex */ = {isa = PBXFileReference; explicitFileType = "wrapper.app-extension"; includeInIndex = 0; path = "BetterKia-iOSIntentsExtension.appex"; sourceTree = BUILT_PRODUCTS_DIR; };
		EB5FAE9A294F7F4B00FF160E /* Intents.framework */ = {isa = PBXFileReference; lastKnownFileType = wrapper.framework; name = Intents.framework; path = System/Library/Frameworks/Intents.framework; sourceTree = SDKROOT; };
		EB5FAE9D294F7F4B00FF160E /* IntentHandler.swift */ = {isa = PBXFileReference; lastKnownFileType = sourcecode.swift; path = IntentHandler.swift; sourceTree = "<group>"; };
		EB5FAE9F294F7F4B00FF160E /* Info.plist */ = {isa = PBXFileReference; lastKnownFileType = text.plist.xml; path = Info.plist; sourceTree = "<group>"; };
		EB5FAEA7294F7F9000FF160E /* GetChargeRequestHandler.swift */ = {isa = PBXFileReference; lastKnownFileType = sourcecode.swift; path = GetChargeRequestHandler.swift; sourceTree = "<group>"; };
		EB5FAEA9294F80B300FF160E /* AppDelegate.swift */ = {isa = PBXFileReference; lastKnownFileType = sourcecode.swift; path = AppDelegate.swift; sourceTree = "<group>"; };
		EB5FAEAD294F822700FF160E /* BetterKia-iOS.entitlements */ = {isa = PBXFileReference; lastKnownFileType = text.plist.entitlements; path = "BetterKia-iOS.entitlements"; sourceTree = "<group>"; };
		EB645C652A114F760080AED1 /* HistoryView.swift */ = {isa = PBXFileReference; lastKnownFileType = sourcecode.swift; path = HistoryView.swift; sourceTree = "<group>"; };
		EB73FADD29A40B9D005B0A23 /* RefreshControlItem.swift */ = {isa = PBXFileReference; lastKnownFileType = sourcecode.swift; path = RefreshControlItem.swift; sourceTree = "<group>"; };
		EB77092429992F29008F9952 /* SceneDelegate.swift */ = {isa = PBXFileReference; lastKnownFileType = sourcecode.swift; path = SceneDelegate.swift; sourceTree = "<group>"; };
		EB7709272999387B008F9952 /* VehicleManager.swift */ = {isa = PBXFileReference; lastKnownFileType = sourcecode.swift; path = VehicleManager.swift; sourceTree = "<group>"; };
		EB77092929993C8C008F9952 /* StartInfoView.swift */ = {isa = PBXFileReference; lastKnownFileType = sourcecode.swift; path = StartInfoView.swift; sourceTree = "<group>"; };
		EB9EE776295080FD009D4D6A /* BetterKia Watch App.app */ = {isa = PBXFileReference; explicitFileType = wrapper.application; includeInIndex = 0; path = "BetterKia Watch App.app"; sourceTree = BUILT_PRODUCTS_DIR; };
		EB9EE778295080FD009D4D6A /* BetterKiaApp.swift */ = {isa = PBXFileReference; lastKnownFileType = sourcecode.swift; path = BetterKiaApp.swift; sourceTree = "<group>"; };
		EB9EE77A295080FD009D4D6A /* ContentView.swift */ = {isa = PBXFileReference; lastKnownFileType = sourcecode.swift; path = ContentView.swift; sourceTree = "<group>"; };
		EB9EE77C295080FE009D4D6A /* Assets.xcassets */ = {isa = PBXFileReference; lastKnownFileType = folder.assetcatalog; path = Assets.xcassets; sourceTree = "<group>"; };
		EB9EE77F295080FE009D4D6A /* Preview Assets.xcassets */ = {isa = PBXFileReference; lastKnownFileType = folder.assetcatalog; path = "Preview Assets.xcassets"; sourceTree = "<group>"; };
		EB9EE78B2950811C009D4D6A /* BetterKia-WatchIntentsExtension.appex */ = {isa = PBXFileReference; explicitFileType = "wrapper.app-extension"; includeInIndex = 0; path = "BetterKia-WatchIntentsExtension.appex"; sourceTree = BUILT_PRODUCTS_DIR; };
		EB9EE78E2950811C009D4D6A /* IntentHandler.swift */ = {isa = PBXFileReference; lastKnownFileType = sourcecode.swift; path = IntentHandler.swift; sourceTree = "<group>"; };
		EB9EE7902950811C009D4D6A /* Info.plist */ = {isa = PBXFileReference; lastKnownFileType = text.plist.xml; path = Info.plist; sourceTree = "<group>"; };
		EB9EE79B29508153009D4D6A /* BetterKia Watch App.entitlements */ = {isa = PBXFileReference; lastKnownFileType = text.plist.entitlements; path = "BetterKia Watch App.entitlements"; sourceTree = "<group>"; };
		EB9EE7A0295093BB009D4D6A /* StartClimateControlHandler.swift */ = {isa = PBXFileReference; lastKnownFileType = sourcecode.swift; path = StartClimateControlHandler.swift; sourceTree = "<group>"; };
		EB9EE7A7295095E5009D4D6A /* de */ = {isa = PBXFileReference; lastKnownFileType = file.intentdefinition; name = de; path = de.lproj/Intents.intentdefinition; sourceTree = "<group>"; };
		EB9EE7AE295099F9009D4D6A /* Base */ = {isa = PBXFileReference; lastKnownFileType = text.plist.xml; name = Base; path = Base.lproj/AppIntentVocabulary.plist; sourceTree = "<group>"; };
		EB9EE7B0295099FD009D4D6A /* de */ = {isa = PBXFileReference; lastKnownFileType = text.plist.xml; name = de; path = de.lproj/AppIntentVocabulary.plist; sourceTree = "<group>"; };
		EB9EE7B52950AFFE009D4D6A /* BetterKia-iOSWidgets.appex */ = {isa = PBXFileReference; explicitFileType = "wrapper.app-extension"; includeInIndex = 0; path = "BetterKia-iOSWidgets.appex"; sourceTree = BUILT_PRODUCTS_DIR; };
		EB9EE7B62950AFFE009D4D6A /* WidgetKit.framework */ = {isa = PBXFileReference; lastKnownFileType = wrapper.framework; name = WidgetKit.framework; path = System/Library/Frameworks/WidgetKit.framework; sourceTree = SDKROOT; };
		EB9EE7B82950AFFE009D4D6A /* SwiftUI.framework */ = {isa = PBXFileReference; lastKnownFileType = wrapper.framework; name = SwiftUI.framework; path = System/Library/Frameworks/SwiftUI.framework; sourceTree = SDKROOT; };
		EB9EE7BB2950AFFE009D4D6A /* VehicleStatusWidgetBundle.swift */ = {isa = PBXFileReference; lastKnownFileType = sourcecode.swift; path = VehicleStatusWidgetBundle.swift; sourceTree = "<group>"; };
		EB9EE7BD2950AFFE009D4D6A /* VehicleStatusWidgetLiveActivity.swift */ = {isa = PBXFileReference; lastKnownFileType = sourcecode.swift; path = VehicleStatusWidgetLiveActivity.swift; sourceTree = "<group>"; };
		EB9EE7BF2950AFFE009D4D6A /* VehicleStatusWidget.swift */ = {isa = PBXFileReference; lastKnownFileType = sourcecode.swift; path = VehicleStatusWidget.swift; sourceTree = "<group>"; };
		EB9EE7C12950AFFE009D4D6A /* VehicleStatusWidget.intentdefinition */ = {isa = PBXFileReference; lastKnownFileType = file.intentdefinition; path = VehicleStatusWidget.intentdefinition; sourceTree = "<group>"; };
		EB9EE7C22950B000009D4D6A /* Assets.xcassets */ = {isa = PBXFileReference; lastKnownFileType = folder.assetcatalog; path = Assets.xcassets; sourceTree = "<group>"; };
		EB9EE7C42950B000009D4D6A /* Info.plist */ = {isa = PBXFileReference; lastKnownFileType = text.plist.xml; path = Info.plist; sourceTree = "<group>"; };
		EBA8D22F299E51EE00C2ACBA /* TempCodeConverter.swift */ = {isa = PBXFileReference; lastKnownFileType = sourcecode.swift; path = TempCodeConverter.swift; sourceTree = "<group>"; };
		EBA8D231299E5E7000C2ACBA /* AuthManager.swift */ = {isa = PBXFileReference; lastKnownFileType = sourcecode.swift; path = AuthManager.swift; sourceTree = "<group>"; };
		EBAD23C3299CE0A5005CF29F /* OnBoardingView.swift */ = {isa = PBXFileReference; lastKnownFileType = sourcecode.swift; path = OnBoardingView.swift; sourceTree = "<group>"; };
		EBE11D7329D06614005863DC /* StoreKit.framework */ = {isa = PBXFileReference; lastKnownFileType = wrapper.framework; name = StoreKit.framework; path = System/Library/Frameworks/StoreKit.framework; sourceTree = SDKROOT; };
		EBE11D7529D06778005863DC /* SelectSubscriptionView.swift */ = {isa = PBXFileReference; lastKnownFileType = sourcecode.swift; path = SelectSubscriptionView.swift; sourceTree = "<group>"; };
		EBE11D7929D06A1A005863DC /* ProductFetcher.swift */ = {isa = PBXFileReference; lastKnownFileType = sourcecode.swift; path = ProductFetcher.swift; sourceTree = "<group>"; };
		EBEA29402950633500B3457A /* VehicleStatusResponse.swift */ = {isa = PBXFileReference; lastKnownFileType = sourcecode.swift; path = VehicleStatusResponse.swift; sourceTree = "<group>"; };
		EBEA29432950687900B3457A /* GetCarsListHandler.swift */ = {isa = PBXFileReference; lastKnownFileType = sourcecode.swift; path = GetCarsListHandler.swift; sourceTree = "<group>"; };
		EBEA294529506D6A00B3457A /* Info.plist */ = {isa = PBXFileReference; lastKnownFileType = text.plist; path = Info.plist; sourceTree = "<group>"; };
		EBEA294629506FCC00B3457A /* SetCarLockStatusHandler.swift */ = {isa = PBXFileReference; lastKnownFileType = sourcecode.swift; path = SetCarLockStatusHandler.swift; sourceTree = "<group>"; };
		EBEBB7502955BA2C00296FBB /* ApiClient.swift */ = {isa = PBXFileReference; lastKnownFileType = sourcecode.swift; path = ApiClient.swift; sourceTree = "<group>"; };
		EBF623EC29A26120003044AC /* AlertManager.swift */ = {isa = PBXFileReference; lastKnownFileType = sourcecode.swift; path = AlertManager.swift; sourceTree = "<group>"; };
		EBFCC1D029B8F97500736F76 /* SignInUsingKiaView.swift */ = {isa = PBXFileReference; lastKnownFileType = sourcecode.swift; path = SignInUsingKiaView.swift; sourceTree = "<group>"; };
/* End PBXFileReference section */

/* Begin PBXFrameworksBuildPhase section */
		EB5FAE64294F7EDC00FF160E /* Frameworks */ = {
			isa = PBXFrameworksBuildPhase;
			buildActionMask = 2147483647;
			files = (
				EB0FB98B296F2C3000898ADA /* Lottie in Frameworks */,
				EBF623EB29A23D67003044AC /* SentrySwiftUI in Frameworks */,
				EBF623E929A23D67003044AC /* Sentry in Frameworks */,
				EBE11D7429D06614005863DC /* StoreKit.framework in Frameworks */,
			);
			runOnlyForDeploymentPostprocessing = 0;
		};
		EB5FAE74294F7EDD00FF160E /* Frameworks */ = {
			isa = PBXFrameworksBuildPhase;
			buildActionMask = 2147483647;
			files = (
			);
			runOnlyForDeploymentPostprocessing = 0;
		};
		EB5FAE7E294F7EDD00FF160E /* Frameworks */ = {
			isa = PBXFrameworksBuildPhase;
			buildActionMask = 2147483647;
			files = (
			);
			runOnlyForDeploymentPostprocessing = 0;
		};
		EB5FAE95294F7F4A00FF160E /* Frameworks */ = {
			isa = PBXFrameworksBuildPhase;
			buildActionMask = 2147483647;
			files = (
				EB5FAE9B294F7F4B00FF160E /* Intents.framework in Frameworks */,
			);
			runOnlyForDeploymentPostprocessing = 0;
		};
		EB9EE773295080FD009D4D6A /* Frameworks */ = {
			isa = PBXFrameworksBuildPhase;
			buildActionMask = 2147483647;
			files = (
			);
			runOnlyForDeploymentPostprocessing = 0;
		};
		EB9EE7882950811C009D4D6A /* Frameworks */ = {
			isa = PBXFrameworksBuildPhase;
			buildActionMask = 2147483647;
			files = (
				EB9EE78C2950811C009D4D6A /* Intents.framework in Frameworks */,
			);
			runOnlyForDeploymentPostprocessing = 0;
		};
		EB9EE7B22950AFFE009D4D6A /* Frameworks */ = {
			isa = PBXFrameworksBuildPhase;
			buildActionMask = 2147483647;
			files = (
				EB9EE7B92950AFFE009D4D6A /* SwiftUI.framework in Frameworks */,
				EB9EE7B72950AFFE009D4D6A /* WidgetKit.framework in Frameworks */,
			);
			runOnlyForDeploymentPostprocessing = 0;
		};
/* End PBXFrameworksBuildPhase section */

/* Begin PBXGroup section */
		EB03234229A22EE600256B66 /* DashboardWidgets */ = {
			isa = PBXGroup;
			children = (
				EB03234329A22F5D00256B66 /* BatteryWidget.swift */,
				EB03234629A22FA700256B66 /* HvacWidget.swift */,
				EB03234829A22FBF00256B66 /* HvacOptionsWidget.swift */,
				EB03234A29A22FD500256B66 /* VehicleStatusWidget.swift */,
				EB03234C29A2300000256B66 /* MapWidget.swift */,
				EB03235329A2307200256B66 /* Widget.swift */,
			);
			path = DashboardWidgets;
			sourceTree = "<group>";
		};
		EB03234E29A2301900256B66 /* ControlItems */ = {
			isa = PBXGroup;
			children = (
				EB03234F29A2302C00256B66 /* ControlItem.swift */,
				EB03235129A2305200256B66 /* HvacControlItem.swift */,
				EB2C14C929A2D13500ED944C /* LockControlItem.swift */,
				EB73FADD29A40B9D005B0A23 /* RefreshControlItem.swift */,
			);
			path = ControlItems;
			sourceTree = "<group>";
		};
		EB4321D8295DDFEC00A6BA52 /* Components */ = {
			isa = PBXGroup;
			children = (
				EB03234E29A2301900256B66 /* ControlItems */,
				EB03234229A22EE600256B66 /* DashboardWidgets */,
				EB4321D9295DE00600A6BA52 /* ScheduleEntry.swift */,
				EB77092929993C8C008F9952 /* StartInfoView.swift */,
			);
			path = Components;
			sourceTree = "<group>";
		};
		EB46C69D299ECBD000AAB8AE /* Dashboard */ = {
			isa = PBXGroup;
			children = (
				EB46C69E299ECBDB00AAB8AE /* DashboardView.swift */,
			);
			path = Dashboard;
			sourceTree = "<group>";
		};
		EB5FAE5E294F7EDC00FF160E = {
			isa = PBXGroup;
			children = (
				EB9EE7AF295099F9009D4D6A /* AppIntentVocabulary.plist */,
				EBEA293F295062E800B3457A /* BetterKia-Models */,
				EB5FAE69294F7EDC00FF160E /* BetterKia-iOS */,
				EB5FAE7A294F7EDD00FF160E /* BetterKia-iOSTests */,
				EB5FAE84294F7EDD00FF160E /* BetterKia-iOSUITests */,
				EB9EE7BA2950AFFE009D4D6A /* BetterKia-iOSWidgets */,
				EB5FAE9C294F7F4B00FF160E /* BetterKia-iOSIntentsExtension */,
				EB9EE777295080FD009D4D6A /* BetterKia Watch App */,
				EB9EE78D2950811C009D4D6A /* BetterKia-WatchIntentsExtension */,
				EB5FAE99294F7F4B00FF160E /* Frameworks */,
				EB5FAE68294F7EDC00FF160E /* Products */,
			);
			sourceTree = "<group>";
		};
		EB5FAE68294F7EDC00FF160E /* Products */ = {
			isa = PBXGroup;
			children = (
				EB5FAE67294F7EDC00FF160E /* BetterKia-iOS.app */,
				EB5FAE77294F7EDD00FF160E /* BetterKia-iOSTests.xctest */,
				EB5FAE81294F7EDD00FF160E /* BetterKia-iOSUITests.xctest */,
				EB5FAE98294F7F4B00FF160E /* BetterKia-iOSIntentsExtension.appex */,
				EB9EE776295080FD009D4D6A /* BetterKia Watch App.app */,
				EB9EE78B2950811C009D4D6A /* BetterKia-WatchIntentsExtension.appex */,
				EB9EE7B52950AFFE009D4D6A /* BetterKia-iOSWidgets.appex */,
			);
			name = Products;
			sourceTree = "<group>";
		};
		EB5FAE69294F7EDC00FF160E /* BetterKia-iOS */ = {
			isa = PBXGroup;
			children = (
				EBA1C91E29CF6FFA00726264 /* Delegates */,
				EBA8D22E299E51DF00C2ACBA /* Converter */,
				EBAD23C1299CE08E005CF29F /* Views */,
				EB77092629993865008F9952 /* Managers */,
				EB0FB98C296F2CD100898ADA /* air-conditioner-and-heater-lottie.json */,
				EB4321D8295DDFEC00A6BA52 /* Components */,
				EBEA294529506D6A00B3457A /* Info.plist */,
				EB5FAEAD294F822700FF160E /* BetterKia-iOS.entitlements */,
				EB5FAEA9294F80B300FF160E /* AppDelegate.swift */,
				EB5FAE6A294F7EDC00FF160E /* BetterKia_iOSApp.swift */,
				EB5FAE6C294F7EDC00FF160E /* ContentView.swift */,
				EB5FAE6E294F7EDD00FF160E /* Assets.xcassets */,
				EB5FAE70294F7EDD00FF160E /* Preview Content */,
				EB77092429992F29008F9952 /* SceneDelegate.swift */,
			);
			path = "BetterKia-iOS";
			sourceTree = "<group>";
		};
		EB5FAE70294F7EDD00FF160E /* Preview Content */ = {
			isa = PBXGroup;
			children = (
				EB5FAE71294F7EDD00FF160E /* Preview Assets.xcassets */,
			);
			path = "Preview Content";
			sourceTree = "<group>";
		};
		EB5FAE7A294F7EDD00FF160E /* BetterKia-iOSTests */ = {
			isa = PBXGroup;
			children = (
				EB5FAE7B294F7EDD00FF160E /* BetterKia_iOSTests.swift */,
			);
			path = "BetterKia-iOSTests";
			sourceTree = "<group>";
		};
		EB5FAE84294F7EDD00FF160E /* BetterKia-iOSUITests */ = {
			isa = PBXGroup;
			children = (
				EB5FAE85294F7EDD00FF160E /* BetterKia_iOSUITests.swift */,
				EB5FAE87294F7EDD00FF160E /* BetterKia_iOSUITestsLaunchTests.swift */,
			);
			path = "BetterKia-iOSUITests";
			sourceTree = "<group>";
		};
		EB5FAE99294F7F4B00FF160E /* Frameworks */ = {
			isa = PBXGroup;
			children = (
				EBE11D7329D06614005863DC /* StoreKit.framework */,
				EB5FAE9A294F7F4B00FF160E /* Intents.framework */,
				EB9EE7B62950AFFE009D4D6A /* WidgetKit.framework */,
				EB9EE7B82950AFFE009D4D6A /* SwiftUI.framework */,
			);
			name = Frameworks;
			sourceTree = "<group>";
		};
		EB5FAE9C294F7F4B00FF160E /* BetterKia-iOSIntentsExtension */ = {
			isa = PBXGroup;
			children = (
				EB4CECFF29BC8A0F00C1B899 /* BetterKia-iOSIntentsExtension.entitlements */,
				EB5FAE9D294F7F4B00FF160E /* IntentHandler.swift */,
				EB5FAE9F294F7F4B00FF160E /* Info.plist */,
				EB5FAEA7294F7F9000FF160E /* GetChargeRequestHandler.swift */,
				EBEA29432950687900B3457A /* GetCarsListHandler.swift */,
				EBEA294629506FCC00B3457A /* SetCarLockStatusHandler.swift */,
				EB9EE7A8295095E5009D4D6A /* Intents.intentdefinition */,
				EB9EE7A0295093BB009D4D6A /* StartClimateControlHandler.swift */,
			);
			path = "BetterKia-iOSIntentsExtension";
			sourceTree = "<group>";
		};
		EB77092629993865008F9952 /* Managers */ = {
			isa = PBXGroup;
			children = (
				EB7709272999387B008F9952 /* VehicleManager.swift */,
				EBA8D231299E5E7000C2ACBA /* AuthManager.swift */,
				EBF623EC29A26120003044AC /* AlertManager.swift */,
			);
			path = Managers;
			sourceTree = "<group>";
		};
		EB9EE777295080FD009D4D6A /* BetterKia Watch App */ = {
			isa = PBXGroup;
			children = (
				EB9EE79B29508153009D4D6A /* BetterKia Watch App.entitlements */,
				EB9EE778295080FD009D4D6A /* BetterKiaApp.swift */,
				EB9EE77A295080FD009D4D6A /* ContentView.swift */,
				EB9EE77C295080FE009D4D6A /* Assets.xcassets */,
				EB9EE77E295080FE009D4D6A /* Preview Content */,
			);
			path = "BetterKia Watch App";
			sourceTree = "<group>";
		};
		EB9EE77E295080FE009D4D6A /* Preview Content */ = {
			isa = PBXGroup;
			children = (
				EB9EE77F295080FE009D4D6A /* Preview Assets.xcassets */,
			);
			path = "Preview Content";
			sourceTree = "<group>";
		};
		EB9EE78D2950811C009D4D6A /* BetterKia-WatchIntentsExtension */ = {
			isa = PBXGroup;
			children = (
				EB9EE78E2950811C009D4D6A /* IntentHandler.swift */,
				EB9EE7902950811C009D4D6A /* Info.plist */,
			);
			path = "BetterKia-WatchIntentsExtension";
			sourceTree = "<group>";
		};
		EB9EE7BA2950AFFE009D4D6A /* BetterKia-iOSWidgets */ = {
			isa = PBXGroup;
			children = (
				EB4CECFE29BC89FC00C1B899 /* BetterKia-iOSWidgets.entitlements */,
				EB9EE7BB2950AFFE009D4D6A /* VehicleStatusWidgetBundle.swift */,
				EB9EE7BD2950AFFE009D4D6A /* VehicleStatusWidgetLiveActivity.swift */,
				EB9EE7BF2950AFFE009D4D6A /* VehicleStatusWidget.swift */,
				EB9EE7C12950AFFE009D4D6A /* VehicleStatusWidget.intentdefinition */,
				EB9EE7C22950B000009D4D6A /* Assets.xcassets */,
				EB9EE7C42950B000009D4D6A /* Info.plist */,
			);
			path = "BetterKia-iOSWidgets";
			sourceTree = "<group>";
		};
		EBA1C91E29CF6FFA00726264 /* Delegates */ = {
			isa = PBXGroup;
			children = (
				EBE11D7929D06A1A005863DC /* ProductFetcher.swift */,
			);
			path = Delegates;
			sourceTree = "<group>";
		};
		EBA8D22E299E51DF00C2ACBA /* Converter */ = {
			isa = PBXGroup;
			children = (
				EBA8D22F299E51EE00C2ACBA /* TempCodeConverter.swift */,
			);
			path = Converter;
			sourceTree = "<group>";
		};
		EBAD23C1299CE08E005CF29F /* Views */ = {
			isa = PBXGroup;
			children = (
				EB46C69D299ECBD000AAB8AE /* Dashboard */,
				EBAD23C2299CE095005CF29F /* OnBoarding */,
				EB28828D29CE42EA0001E44C /* SettingsView.swift */,
				EB0FB987296EC1DE00898ADA /* ClimateControlScheduleView.swift */,
				EB645C652A114F760080AED1 /* HistoryView.swift */,
			);
			path = Views;
			sourceTree = "<group>";
		};
		EBAD23C2299CE095005CF29F /* OnBoarding */ = {
			isa = PBXGroup;
			children = (
				EBAD23C3299CE0A5005CF29F /* OnBoardingView.swift */,
				EBFCC1D029B8F97500736F76 /* SignInUsingKiaView.swift */,
				EBE11D7529D06778005863DC /* SelectSubscriptionView.swift */,
			);
			path = OnBoarding;
			sourceTree = "<group>";
		};
		EBEA293F295062E800B3457A /* BetterKia-Models */ = {
			isa = PBXGroup;
			children = (
				EBEA29402950633500B3457A /* VehicleStatusResponse.swift */,
				EBEBB7502955BA2C00296FBB /* ApiClient.swift */,
				EB4321DB295DE03000A6BA52 /* Schedule.swift */,
			);
			path = "BetterKia-Models";
			sourceTree = "<group>";
		};
/* End PBXGroup section */

/* Begin PBXNativeTarget section */
		EB5FAE66294F7EDC00FF160E /* BetterKia-iOS */ = {
			isa = PBXNativeTarget;
			buildConfigurationList = EB5FAE8B294F7EDD00FF160E /* Build configuration list for PBXNativeTarget "BetterKia-iOS" */;
			buildPhases = (
				EB5FAE63294F7EDC00FF160E /* Sources */,
				EB5FAE64294F7EDC00FF160E /* Frameworks */,
				EB5FAE65294F7EDC00FF160E /* Resources */,
				EB5FAEA6294F7F4B00FF160E /* Embed Foundation Extensions */,
				EBEA293A2950624700B3457A /* Embed Frameworks */,
				EBEA2976295077B900B3457A /* Embed Watch Content */,
			);
			buildRules = (
			);
			dependencies = (
				EB5FAEA1294F7F4B00FF160E /* PBXTargetDependency */,
				EB9EE782295080FE009D4D6A /* PBXTargetDependency */,
				EB9EE7C82950B000009D4D6A /* PBXTargetDependency */,
			);
			name = "BetterKia-iOS";
			packageProductDependencies = (
				EB0FB98A296F2C3000898ADA /* Lottie */,
				EBF623E829A23D67003044AC /* Sentry */,
				EBF623EA29A23D67003044AC /* SentrySwiftUI */,
			);
			productName = "BetterKia-iOS";
			productReference = EB5FAE67294F7EDC00FF160E /* BetterKia-iOS.app */;
			productType = "com.apple.product-type.application";
		};
		EB5FAE76294F7EDD00FF160E /* BetterKia-iOSTests */ = {
			isa = PBXNativeTarget;
			buildConfigurationList = EB5FAE8E294F7EDD00FF160E /* Build configuration list for PBXNativeTarget "BetterKia-iOSTests" */;
			buildPhases = (
				EB5FAE73294F7EDD00FF160E /* Sources */,
				EB5FAE74294F7EDD00FF160E /* Frameworks */,
				EB5FAE75294F7EDD00FF160E /* Resources */,
			);
			buildRules = (
			);
			dependencies = (
				EB5FAE79294F7EDD00FF160E /* PBXTargetDependency */,
			);
			name = "BetterKia-iOSTests";
			productName = "BetterKia-iOSTests";
			productReference = EB5FAE77294F7EDD00FF160E /* BetterKia-iOSTests.xctest */;
			productType = "com.apple.product-type.bundle.unit-test";
		};
		EB5FAE80294F7EDD00FF160E /* BetterKia-iOSUITests */ = {
			isa = PBXNativeTarget;
			buildConfigurationList = EB5FAE91294F7EDD00FF160E /* Build configuration list for PBXNativeTarget "BetterKia-iOSUITests" */;
			buildPhases = (
				EB5FAE7D294F7EDD00FF160E /* Sources */,
				EB5FAE7E294F7EDD00FF160E /* Frameworks */,
				EB5FAE7F294F7EDD00FF160E /* Resources */,
			);
			buildRules = (
			);
			dependencies = (
				EB5FAE83294F7EDD00FF160E /* PBXTargetDependency */,
			);
			name = "BetterKia-iOSUITests";
			productName = "BetterKia-iOSUITests";
			productReference = EB5FAE81294F7EDD00FF160E /* BetterKia-iOSUITests.xctest */;
			productType = "com.apple.product-type.bundle.ui-testing";
		};
		EB5FAE97294F7F4A00FF160E /* BetterKia-iOSIntentsExtension */ = {
			isa = PBXNativeTarget;
			buildConfigurationList = EB5FAEA3294F7F4B00FF160E /* Build configuration list for PBXNativeTarget "BetterKia-iOSIntentsExtension" */;
			buildPhases = (
				EB5FAE94294F7F4A00FF160E /* Sources */,
				EB5FAE95294F7F4A00FF160E /* Frameworks */,
				EB5FAE96294F7F4A00FF160E /* Resources */,
			);
			buildRules = (
			);
			dependencies = (
			);
			name = "BetterKia-iOSIntentsExtension";
			productName = GetChargeRequestExtension;
			productReference = EB5FAE98294F7F4B00FF160E /* BetterKia-iOSIntentsExtension.appex */;
			productType = "com.apple.product-type.app-extension";
		};
		EB9EE775295080FD009D4D6A /* BetterKia Watch App */ = {
			isa = PBXNativeTarget;
			buildConfigurationList = EB9EE784295080FE009D4D6A /* Build configuration list for PBXNativeTarget "BetterKia Watch App" */;
			buildPhases = (
				EB9EE772295080FD009D4D6A /* Sources */,
				EB9EE773295080FD009D4D6A /* Frameworks */,
				EB9EE774295080FD009D4D6A /* Resources */,
				EB9EE7972950811C009D4D6A /* Embed Foundation Extensions */,
			);
			buildRules = (
			);
			dependencies = (
				EB9EE7922950811C009D4D6A /* PBXTargetDependency */,
			);
			name = "BetterKia Watch App";
			productName = "BetterKia Watch App";
			productReference = EB9EE776295080FD009D4D6A /* BetterKia Watch App.app */;
			productType = "com.apple.product-type.application";
		};
		EB9EE78A2950811C009D4D6A /* BetterKia-WatchIntentsExtension */ = {
			isa = PBXNativeTarget;
			buildConfigurationList = EB9EE7942950811C009D4D6A /* Build configuration list for PBXNativeTarget "BetterKia-WatchIntentsExtension" */;
			buildPhases = (
				EB9EE7872950811C009D4D6A /* Sources */,
				EB9EE7882950811C009D4D6A /* Frameworks */,
				EB9EE7892950811C009D4D6A /* Resources */,
			);
			buildRules = (
			);
			dependencies = (
			);
			name = "BetterKia-WatchIntentsExtension";
			productName = WatchIntentsExtension;
			productReference = EB9EE78B2950811C009D4D6A /* BetterKia-WatchIntentsExtension.appex */;
			productType = "com.apple.product-type.app-extension";
		};
		EB9EE7B42950AFFE009D4D6A /* BetterKia-iOSWidgets */ = {
			isa = PBXNativeTarget;
			buildConfigurationList = EB9EE7CA2950B000009D4D6A /* Build configuration list for PBXNativeTarget "BetterKia-iOSWidgets" */;
			buildPhases = (
				EB9EE7B12950AFFE009D4D6A /* Sources */,
				EB9EE7B22950AFFE009D4D6A /* Frameworks */,
				EB9EE7B32950AFFE009D4D6A /* Resources */,
			);
			buildRules = (
			);
			dependencies = (
			);
			name = "BetterKia-iOSWidgets";
			productName = VehicleStatusWidgetExtension;
			productReference = EB9EE7B52950AFFE009D4D6A /* BetterKia-iOSWidgets.appex */;
			productType = "com.apple.product-type.app-extension";
		};
/* End PBXNativeTarget section */

/* Begin PBXProject section */
		EB5FAE5F294F7EDC00FF160E /* Project object */ = {
			isa = PBXProject;
			attributes = {
				BuildIndependentTargetsInParallel = 1;
				LastSwiftUpdateCheck = 1420;
				LastUpgradeCheck = 1420;
				TargetAttributes = {
					EB5FAE66294F7EDC00FF160E = {
						CreatedOnToolsVersion = 14.2;
					};
					EB5FAE76294F7EDD00FF160E = {
						CreatedOnToolsVersion = 14.2;
						TestTargetID = EB5FAE66294F7EDC00FF160E;
					};
					EB5FAE80294F7EDD00FF160E = {
						CreatedOnToolsVersion = 14.2;
						TestTargetID = EB5FAE66294F7EDC00FF160E;
					};
					EB5FAE97294F7F4A00FF160E = {
						CreatedOnToolsVersion = 14.2;
					};
					EB9EE775295080FD009D4D6A = {
						CreatedOnToolsVersion = 14.2;
					};
					EB9EE78A2950811C009D4D6A = {
						CreatedOnToolsVersion = 14.2;
					};
					EB9EE7B42950AFFE009D4D6A = {
						CreatedOnToolsVersion = 14.2;
					};
				};
			};
			buildConfigurationList = EB5FAE62294F7EDC00FF160E /* Build configuration list for PBXProject "BetterKia-iOS" */;
			compatibilityVersion = "Xcode 14.0";
			developmentRegion = de;
			hasScannedForEncodings = 0;
			knownRegions = (
				en,
				Base,
				de,
			);
			mainGroup = EB5FAE5E294F7EDC00FF160E;
			packageReferences = (
				EB0FB989296F2C3000898ADA /* XCRemoteSwiftPackageReference "lottie-ios" */,
				EBF623E729A23D67003044AC /* XCRemoteSwiftPackageReference "sentry-cocoa" */,
			);
			productRefGroup = EB5FAE68294F7EDC00FF160E /* Products */;
			projectDirPath = "";
			projectRoot = "";
			targets = (
				EB5FAE66294F7EDC00FF160E /* BetterKia-iOS */,
				EB5FAE76294F7EDD00FF160E /* BetterKia-iOSTests */,
				EB5FAE80294F7EDD00FF160E /* BetterKia-iOSUITests */,
				EB5FAE97294F7F4A00FF160E /* BetterKia-iOSIntentsExtension */,
				EB9EE775295080FD009D4D6A /* BetterKia Watch App */,
				EB9EE78A2950811C009D4D6A /* BetterKia-WatchIntentsExtension */,
				EB9EE7B42950AFFE009D4D6A /* BetterKia-iOSWidgets */,
			);
		};
/* End PBXProject section */

/* Begin PBXResourcesBuildPhase section */
		EB5FAE65294F7EDC00FF160E /* Resources */ = {
			isa = PBXResourcesBuildPhase;
			buildActionMask = 2147483647;
			files = (
				EB5FAE72294F7EDD00FF160E /* Preview Assets.xcassets in Resources */,
				EB0FB98D296F2CD100898ADA /* air-conditioner-and-heater-lottie.json in Resources */,
				EB5FAE6F294F7EDD00FF160E /* Assets.xcassets in Resources */,
				EB9EE7AD295099F9009D4D6A /* AppIntentVocabulary.plist in Resources */,
			);
			runOnlyForDeploymentPostprocessing = 0;
		};
		EB5FAE75294F7EDD00FF160E /* Resources */ = {
			isa = PBXResourcesBuildPhase;
			buildActionMask = 2147483647;
			files = (
			);
			runOnlyForDeploymentPostprocessing = 0;
		};
		EB5FAE7F294F7EDD00FF160E /* Resources */ = {
			isa = PBXResourcesBuildPhase;
			buildActionMask = 2147483647;
			files = (
			);
			runOnlyForDeploymentPostprocessing = 0;
		};
		EB5FAE96294F7F4A00FF160E /* Resources */ = {
			isa = PBXResourcesBuildPhase;
			buildActionMask = 2147483647;
			files = (
			);
			runOnlyForDeploymentPostprocessing = 0;
		};
		EB9EE774295080FD009D4D6A /* Resources */ = {
			isa = PBXResourcesBuildPhase;
			buildActionMask = 2147483647;
			files = (
				EB9EE780295080FE009D4D6A /* Preview Assets.xcassets in Resources */,
				EB9EE77D295080FE009D4D6A /* Assets.xcassets in Resources */,
			);
			runOnlyForDeploymentPostprocessing = 0;
		};
		EB9EE7892950811C009D4D6A /* Resources */ = {
			isa = PBXResourcesBuildPhase;
			buildActionMask = 2147483647;
			files = (
			);
			runOnlyForDeploymentPostprocessing = 0;
		};
		EB9EE7B32950AFFE009D4D6A /* Resources */ = {
			isa = PBXResourcesBuildPhase;
			buildActionMask = 2147483647;
			files = (
				EB9EE7C32950B000009D4D6A /* Assets.xcassets in Resources */,
			);
			runOnlyForDeploymentPostprocessing = 0;
		};
/* End PBXResourcesBuildPhase section */

/* Begin PBXSourcesBuildPhase section */
		EB5FAE63294F7EDC00FF160E /* Sources */ = {
			isa = PBXSourcesBuildPhase;
			buildActionMask = 2147483647;
			files = (
				EBEBB7512955BA2C00296FBB /* ApiClient.swift in Sources */,
				EB5FAEAA294F80B300FF160E /* AppDelegate.swift in Sources */,
				EB03235229A2305200256B66 /* HvacControlItem.swift in Sources */,
				EB7709282999387B008F9952 /* VehicleManager.swift in Sources */,
				EB83315A295485D500A23566 /* VehicleStatusWidgetLiveActivity.swift in Sources */,
				EB4321DC295DE03000A6BA52 /* Schedule.swift in Sources */,
				EB03234B29A22FD500256B66 /* VehicleStatusWidget.swift in Sources */,
				EBFCC1D129B8F97500736F76 /* SignInUsingKiaView.swift in Sources */,
				EB03235029A2302C00256B66 /* ControlItem.swift in Sources */,
				EBA8D230299E51EE00C2ACBA /* TempCodeConverter.swift in Sources */,
				EBEA29412950633500B3457A /* VehicleStatusResponse.swift in Sources */,
				EB73FADE29A40B9D005B0A23 /* RefreshControlItem.swift in Sources */,
				EB03234D29A2300000256B66 /* MapWidget.swift in Sources */,
				EB5FAE6D294F7EDC00FF160E /* ContentView.swift in Sources */,
				EB03234929A22FBF00256B66 /* HvacOptionsWidget.swift in Sources */,
				EB28828E29CE42EA0001E44C /* SettingsView.swift in Sources */,
				EB645C662A114F760080AED1 /* HistoryView.swift in Sources */,
				EB0FB988296EC1DE00898ADA /* ClimateControlScheduleView.swift in Sources */,
				EBE11D7A29D06A1A005863DC /* ProductFetcher.swift in Sources */,
				EBA8D232299E5E7000C2ACBA /* AuthManager.swift in Sources */,
				EB46C69F299ECBDB00AAB8AE /* DashboardView.swift in Sources */,
				EB77092A29993C8C008F9952 /* StartInfoView.swift in Sources */,
				EBAD23C4299CE0A5005CF29F /* OnBoardingView.swift in Sources */,
				EBF623ED29A26120003044AC /* AlertManager.swift in Sources */,
				EB77092529992F29008F9952 /* SceneDelegate.swift in Sources */,
				EBE11D7629D06778005863DC /* SelectSubscriptionView.swift in Sources */,
				EB03234729A22FA700256B66 /* HvacWidget.swift in Sources */,
				EB4321DA295DE00600A6BA52 /* ScheduleEntry.swift in Sources */,
				EB9EE7C62950B000009D4D6A /* VehicleStatusWidget.intentdefinition in Sources */,
				EB03235429A2307200256B66 /* Widget.swift in Sources */,
				EB5FAE6B294F7EDC00FF160E /* BetterKia_iOSApp.swift in Sources */,
				EB2C14CA29A2D13500ED944C /* LockControlItem.swift in Sources */,
				EB03234429A22F5D00256B66 /* BatteryWidget.swift in Sources */,
			);
			runOnlyForDeploymentPostprocessing = 0;
		};
		EB5FAE73294F7EDD00FF160E /* Sources */ = {
			isa = PBXSourcesBuildPhase;
			buildActionMask = 2147483647;
			files = (
				EB5FAE7C294F7EDD00FF160E /* BetterKia_iOSTests.swift in Sources */,
			);
			runOnlyForDeploymentPostprocessing = 0;
		};
		EB5FAE7D294F7EDD00FF160E /* Sources */ = {
			isa = PBXSourcesBuildPhase;
			buildActionMask = 2147483647;
			files = (
				EB5FAE88294F7EDD00FF160E /* BetterKia_iOSUITestsLaunchTests.swift in Sources */,
				EB5FAE86294F7EDD00FF160E /* BetterKia_iOSUITests.swift in Sources */,
			);
			runOnlyForDeploymentPostprocessing = 0;
		};
		EB5FAE94294F7F4A00FF160E /* Sources */ = {
			isa = PBXSourcesBuildPhase;
			buildActionMask = 2147483647;
			files = (
				EB9EE7A5295095E5009D4D6A /* Intents.intentdefinition in Sources */,
				EB5FAE9E294F7F4B00FF160E /* IntentHandler.swift in Sources */,
				EB9EE7A1295093BB009D4D6A /* StartClimateControlHandler.swift in Sources */,
				EB3398B0295F16F300E4B2B2 /* Schedule.swift in Sources */,
				EBEBB7522955BA2C00296FBB /* ApiClient.swift in Sources */,
				EBEA29192950613E00B3457A /* GetChargeRequestHandler.swift in Sources */,
				EBEA29442950687900B3457A /* GetCarsListHandler.swift in Sources */,
				EBEA29422950633D00B3457A /* VehicleStatusResponse.swift in Sources */,
				EBEA294729506FCC00B3457A /* SetCarLockStatusHandler.swift in Sources */,
				EBFCC1D229B91BCD00736F76 /* AuthManager.swift in Sources */,
			);
			runOnlyForDeploymentPostprocessing = 0;
		};
		EB9EE772295080FD009D4D6A /* Sources */ = {
			isa = PBXSourcesBuildPhase;
			buildActionMask = 2147483647;
			files = (
				EB9EE77B295080FD009D4D6A /* ContentView.swift in Sources */,
				EBFCC1D329B91BCF00736F76 /* AuthManager.swift in Sources */,
				EB9EE779295080FD009D4D6A /* BetterKiaApp.swift in Sources */,
				EB9EE79D29508177009D4D6A /* VehicleStatusResponse.swift in Sources */,
				EB40F53B295F149F00064F1F /* Schedule.swift in Sources */,
				EBEBB7532955BA2C00296FBB /* ApiClient.swift in Sources */,
			);
			runOnlyForDeploymentPostprocessing = 0;
		};
		EB9EE7872950811C009D4D6A /* Sources */ = {
			isa = PBXSourcesBuildPhase;
			buildActionMask = 2147483647;
			files = (
				EB9EE7A6295095E5009D4D6A /* Intents.intentdefinition in Sources */,
				EB9EE7982950813C009D4D6A /* GetCarsListHandler.swift in Sources */,
				EB9EE79A2950813C009D4D6A /* GetChargeRequestHandler.swift in Sources */,
				EB40F53A295F149E00064F1F /* Schedule.swift in Sources */,
				EBEBB7542955BA2C00296FBB /* ApiClient.swift in Sources */,
				EB9EE7A3295093DC009D4D6A /* StartClimateControlHandler.swift in Sources */,
				EB9EE79C29508174009D4D6A /* VehicleStatusResponse.swift in Sources */,
				EB9EE7992950813C009D4D6A /* SetCarLockStatusHandler.swift in Sources */,
				EB9EE78F2950811C009D4D6A /* IntentHandler.swift in Sources */,
				EBFCC1D429B91BD100736F76 /* AuthManager.swift in Sources */,
			);
			runOnlyForDeploymentPostprocessing = 0;
		};
		EB9EE7B12950AFFE009D4D6A /* Sources */ = {
			isa = PBXSourcesBuildPhase;
			buildActionMask = 2147483647;
			files = (
				EB9EE7BC2950AFFE009D4D6A /* VehicleStatusWidgetBundle.swift in Sources */,
				EBFCC1D529B91BD300736F76 /* AuthManager.swift in Sources */,
				EB9EE7C52950B000009D4D6A /* VehicleStatusWidget.intentdefinition in Sources */,
				EBC1F73E2950DF7900BBEE5E /* VehicleStatusResponse.swift in Sources */,
				EB9EE7BE2950AFFE009D4D6A /* VehicleStatusWidgetLiveActivity.swift in Sources */,
				EB9EE7C02950AFFE009D4D6A /* VehicleStatusWidget.swift in Sources */,
				EB40F539295F149E00064F1F /* Schedule.swift in Sources */,
				EBEBB7552955BA2C00296FBB /* ApiClient.swift in Sources */,
			);
			runOnlyForDeploymentPostprocessing = 0;
		};
/* End PBXSourcesBuildPhase section */

/* Begin PBXTargetDependency section */
		EB5FAE79294F7EDD00FF160E /* PBXTargetDependency */ = {
			isa = PBXTargetDependency;
			target = EB5FAE66294F7EDC00FF160E /* BetterKia-iOS */;
			targetProxy = EB5FAE78294F7EDD00FF160E /* PBXContainerItemProxy */;
		};
		EB5FAE83294F7EDD00FF160E /* PBXTargetDependency */ = {
			isa = PBXTargetDependency;
			target = EB5FAE66294F7EDC00FF160E /* BetterKia-iOS */;
			targetProxy = EB5FAE82294F7EDD00FF160E /* PBXContainerItemProxy */;
		};
		EB5FAEA1294F7F4B00FF160E /* PBXTargetDependency */ = {
			isa = PBXTargetDependency;
			target = EB5FAE97294F7F4A00FF160E /* BetterKia-iOSIntentsExtension */;
			targetProxy = EB5FAEA0294F7F4B00FF160E /* PBXContainerItemProxy */;
		};
		EB9EE782295080FE009D4D6A /* PBXTargetDependency */ = {
			isa = PBXTargetDependency;
			target = EB9EE775295080FD009D4D6A /* BetterKia Watch App */;
			targetProxy = EB9EE781295080FE009D4D6A /* PBXContainerItemProxy */;
		};
		EB9EE7922950811C009D4D6A /* PBXTargetDependency */ = {
			isa = PBXTargetDependency;
			target = EB9EE78A2950811C009D4D6A /* BetterKia-WatchIntentsExtension */;
			targetProxy = EB9EE7912950811C009D4D6A /* PBXContainerItemProxy */;
		};
		EB9EE7C82950B000009D4D6A /* PBXTargetDependency */ = {
			isa = PBXTargetDependency;
			target = EB9EE7B42950AFFE009D4D6A /* BetterKia-iOSWidgets */;
			targetProxy = EB9EE7C72950B000009D4D6A /* PBXContainerItemProxy */;
		};
/* End PBXTargetDependency section */

/* Begin PBXVariantGroup section */
		EB9EE7A8295095E5009D4D6A /* Intents.intentdefinition */ = {
			isa = PBXVariantGroup;
			children = (
				EB9EE7A7295095E5009D4D6A /* de */,
			);
			name = Intents.intentdefinition;
			sourceTree = "<group>";
		};
		EB9EE7AF295099F9009D4D6A /* AppIntentVocabulary.plist */ = {
			isa = PBXVariantGroup;
			children = (
				EB9EE7AE295099F9009D4D6A /* Base */,
				EB9EE7B0295099FD009D4D6A /* de */,
			);
			name = AppIntentVocabulary.plist;
			sourceTree = "<group>";
		};
/* End PBXVariantGroup section */

/* Begin XCBuildConfiguration section */
		EB5FAE89294F7EDD00FF160E /* Debug */ = {
			isa = XCBuildConfiguration;
			buildSettings = {
				ALWAYS_SEARCH_USER_PATHS = NO;
				CLANG_ANALYZER_LOCALIZABILITY_NONLOCALIZED = YES;
				CLANG_ANALYZER_NONNULL = YES;
				CLANG_ANALYZER_NUMBER_OBJECT_CONVERSION = YES_AGGRESSIVE;
				CLANG_CXX_LANGUAGE_STANDARD = "gnu++20";
				CLANG_ENABLE_MODULES = YES;
				CLANG_ENABLE_OBJC_ARC = YES;
				CLANG_ENABLE_OBJC_WEAK = YES;
				CLANG_WARN_BLOCK_CAPTURE_AUTORELEASING = YES;
				CLANG_WARN_BOOL_CONVERSION = YES;
				CLANG_WARN_COMMA = YES;
				CLANG_WARN_CONSTANT_CONVERSION = YES;
				CLANG_WARN_DEPRECATED_OBJC_IMPLEMENTATIONS = YES;
				CLANG_WARN_DIRECT_OBJC_ISA_USAGE = YES_ERROR;
				CLANG_WARN_DOCUMENTATION_COMMENTS = YES;
				CLANG_WARN_EMPTY_BODY = YES;
				CLANG_WARN_ENUM_CONVERSION = YES;
				CLANG_WARN_INFINITE_RECURSION = YES;
				CLANG_WARN_INT_CONVERSION = YES;
				CLANG_WARN_NON_LITERAL_NULL_CONVERSION = YES;
				CLANG_WARN_OBJC_IMPLICIT_RETAIN_SELF = YES;
				CLANG_WARN_OBJC_LITERAL_CONVERSION = YES;
				CLANG_WARN_OBJC_ROOT_CLASS = YES_ERROR;
				CLANG_WARN_QUOTED_INCLUDE_IN_FRAMEWORK_HEADER = YES;
				CLANG_WARN_RANGE_LOOP_ANALYSIS = YES;
				CLANG_WARN_STRICT_PROTOTYPES = YES;
				CLANG_WARN_SUSPICIOUS_MOVE = YES;
				CLANG_WARN_UNGUARDED_AVAILABILITY = YES_AGGRESSIVE;
				CLANG_WARN_UNREACHABLE_CODE = YES;
				CLANG_WARN__DUPLICATE_METHOD_MATCH = YES;
				COPY_PHASE_STRIP = NO;
				DEBUG_INFORMATION_FORMAT = dwarf;
				ENABLE_STRICT_OBJC_MSGSEND = YES;
				ENABLE_TESTABILITY = YES;
				GCC_C_LANGUAGE_STANDARD = gnu11;
				GCC_DYNAMIC_NO_PIC = NO;
				GCC_NO_COMMON_BLOCKS = YES;
				GCC_OPTIMIZATION_LEVEL = 0;
				GCC_PREPROCESSOR_DEFINITIONS = (
					"DEBUG=1",
					"$(inherited)",
				);
				GCC_WARN_64_TO_32_BIT_CONVERSION = YES;
				GCC_WARN_ABOUT_RETURN_TYPE = YES_ERROR;
				GCC_WARN_UNDECLARED_SELECTOR = YES;
				GCC_WARN_UNINITIALIZED_AUTOS = YES_AGGRESSIVE;
				GCC_WARN_UNUSED_FUNCTION = YES;
				GCC_WARN_UNUSED_VARIABLE = YES;
				IPHONEOS_DEPLOYMENT_TARGET = 16.2;
				MTL_ENABLE_DEBUG_INFO = INCLUDE_SOURCE;
				MTL_FAST_MATH = YES;
				ONLY_ACTIVE_ARCH = YES;
				SDKROOT = iphoneos;
				SWIFT_ACTIVE_COMPILATION_CONDITIONS = DEBUG;
				SWIFT_OPTIMIZATION_LEVEL = "-Onone";
			};
			name = Debug;
		};
		EB5FAE8A294F7EDD00FF160E /* Release */ = {
			isa = XCBuildConfiguration;
			buildSettings = {
				ALWAYS_SEARCH_USER_PATHS = NO;
				CLANG_ANALYZER_LOCALIZABILITY_NONLOCALIZED = YES;
				CLANG_ANALYZER_NONNULL = YES;
				CLANG_ANALYZER_NUMBER_OBJECT_CONVERSION = YES_AGGRESSIVE;
				CLANG_CXX_LANGUAGE_STANDARD = "gnu++20";
				CLANG_ENABLE_MODULES = YES;
				CLANG_ENABLE_OBJC_ARC = YES;
				CLANG_ENABLE_OBJC_WEAK = YES;
				CLANG_WARN_BLOCK_CAPTURE_AUTORELEASING = YES;
				CLANG_WARN_BOOL_CONVERSION = YES;
				CLANG_WARN_COMMA = YES;
				CLANG_WARN_CONSTANT_CONVERSION = YES;
				CLANG_WARN_DEPRECATED_OBJC_IMPLEMENTATIONS = YES;
				CLANG_WARN_DIRECT_OBJC_ISA_USAGE = YES_ERROR;
				CLANG_WARN_DOCUMENTATION_COMMENTS = YES;
				CLANG_WARN_EMPTY_BODY = YES;
				CLANG_WARN_ENUM_CONVERSION = YES;
				CLANG_WARN_INFINITE_RECURSION = YES;
				CLANG_WARN_INT_CONVERSION = YES;
				CLANG_WARN_NON_LITERAL_NULL_CONVERSION = YES;
				CLANG_WARN_OBJC_IMPLICIT_RETAIN_SELF = YES;
				CLANG_WARN_OBJC_LITERAL_CONVERSION = YES;
				CLANG_WARN_OBJC_ROOT_CLASS = YES_ERROR;
				CLANG_WARN_QUOTED_INCLUDE_IN_FRAMEWORK_HEADER = YES;
				CLANG_WARN_RANGE_LOOP_ANALYSIS = YES;
				CLANG_WARN_STRICT_PROTOTYPES = YES;
				CLANG_WARN_SUSPICIOUS_MOVE = YES;
				CLANG_WARN_UNGUARDED_AVAILABILITY = YES_AGGRESSIVE;
				CLANG_WARN_UNREACHABLE_CODE = YES;
				CLANG_WARN__DUPLICATE_METHOD_MATCH = YES;
				COPY_PHASE_STRIP = NO;
				DEBUG_INFORMATION_FORMAT = "dwarf-with-dsym";
				ENABLE_NS_ASSERTIONS = NO;
				ENABLE_STRICT_OBJC_MSGSEND = YES;
				GCC_C_LANGUAGE_STANDARD = gnu11;
				GCC_NO_COMMON_BLOCKS = YES;
				GCC_WARN_64_TO_32_BIT_CONVERSION = YES;
				GCC_WARN_ABOUT_RETURN_TYPE = YES_ERROR;
				GCC_WARN_UNDECLARED_SELECTOR = YES;
				GCC_WARN_UNINITIALIZED_AUTOS = YES_AGGRESSIVE;
				GCC_WARN_UNUSED_FUNCTION = YES;
				GCC_WARN_UNUSED_VARIABLE = YES;
				IPHONEOS_DEPLOYMENT_TARGET = 16.2;
				MTL_ENABLE_DEBUG_INFO = NO;
				MTL_FAST_MATH = YES;
				SDKROOT = iphoneos;
				SWIFT_COMPILATION_MODE = wholemodule;
				SWIFT_OPTIMIZATION_LEVEL = "-O";
				VALIDATE_PRODUCT = YES;
			};
			name = Release;
		};
		EB5FAE8C294F7EDD00FF160E /* Debug */ = {
			isa = XCBuildConfiguration;
			buildSettings = {
				ASSETCATALOG_COMPILER_APPICON_NAME = AppIcon;
				ASSETCATALOG_COMPILER_GLOBAL_ACCENT_COLOR_NAME = AccentColor;
				CODE_SIGN_ENTITLEMENTS = "BetterKia-iOS/BetterKia-iOS.entitlements";
				CODE_SIGN_STYLE = Automatic;
				CURRENT_PROJECT_VERSION = 1;
				DEVELOPMENT_ASSET_PATHS = "\"BetterKia-iOS/Preview Content\"";
				DEVELOPMENT_TEAM = 425562S2X6;
				ENABLE_PREVIEWS = YES;
				GENERATE_INFOPLIST_FILE = YES;
				INFOPLIST_FILE = "BetterKia-iOS/Info.plist";
				INFOPLIST_KEY_CFBundleDisplayName = Sparky;
				INFOPLIST_KEY_LSApplicationCategoryType = "public.app-category.lifestyle";
				INFOPLIST_KEY_NSBluetoothAlwaysUsageDescription = "We're using bluetooth in the background to automatically lock your car, when your car's infotainment system has been disconnected.";
				INFOPLIST_KEY_NSSiriUsageDescription = "BetterKia wants to use Siri";
				INFOPLIST_KEY_NSSupportsLiveActivities = YES;
				INFOPLIST_KEY_NSSupportsLiveActivitiesFrequentUpdates = YES;
				INFOPLIST_KEY_UIApplicationSupportsIndirectInputEvents = YES;
				INFOPLIST_KEY_UILaunchScreen_Generation = YES;
				INFOPLIST_KEY_UISupportedInterfaceOrientations = UIInterfaceOrientationPortrait;
				INFOPLIST_KEY_UISupportedInterfaceOrientations_iPad = "UIInterfaceOrientationLandscapeLeft UIInterfaceOrientationLandscapeRight UIInterfaceOrientationPortrait UIInterfaceOrientationPortraitUpsideDown";
				LD_RUNPATH_SEARCH_PATHS = (
					"$(inherited)",
					"@executable_path/Frameworks",
				);
				MARKETING_VERSION = 1.0;
				PRODUCT_BUNDLE_IDENTIFIER = "de.thevisualcablecollective.BetterKia-iOS";
				PRODUCT_NAME = "$(TARGET_NAME)";
				SWIFT_EMIT_LOC_STRINGS = YES;
				SWIFT_VERSION = 5.0;
				TARGETED_DEVICE_FAMILY = "1,2";
			};
			name = Debug;
		};
		EB5FAE8D294F7EDD00FF160E /* Release */ = {
			isa = XCBuildConfiguration;
			buildSettings = {
				ASSETCATALOG_COMPILER_APPICON_NAME = AppIcon;
				ASSETCATALOG_COMPILER_GLOBAL_ACCENT_COLOR_NAME = AccentColor;
				CODE_SIGN_ENTITLEMENTS = "BetterKia-iOS/BetterKia-iOS.entitlements";
				CODE_SIGN_STYLE = Automatic;
				CURRENT_PROJECT_VERSION = 1;
				DEVELOPMENT_ASSET_PATHS = "\"BetterKia-iOS/Preview Content\"";
				DEVELOPMENT_TEAM = 425562S2X6;
				ENABLE_PREVIEWS = YES;
				GENERATE_INFOPLIST_FILE = YES;
				INFOPLIST_FILE = "BetterKia-iOS/Info.plist";
				INFOPLIST_KEY_CFBundleDisplayName = Sparky;
				INFOPLIST_KEY_LSApplicationCategoryType = "public.app-category.lifestyle";
				INFOPLIST_KEY_NSBluetoothAlwaysUsageDescription = "We're using bluetooth in the background to automatically lock your car, when your car's infotainment system has been disconnected.";
				INFOPLIST_KEY_NSSiriUsageDescription = "BetterKia wants to use Siri";
				INFOPLIST_KEY_NSSupportsLiveActivities = YES;
				INFOPLIST_KEY_NSSupportsLiveActivitiesFrequentUpdates = YES;
				INFOPLIST_KEY_UIApplicationSupportsIndirectInputEvents = YES;
				INFOPLIST_KEY_UILaunchScreen_Generation = YES;
				INFOPLIST_KEY_UISupportedInterfaceOrientations = UIInterfaceOrientationPortrait;
				INFOPLIST_KEY_UISupportedInterfaceOrientations_iPad = "UIInterfaceOrientationLandscapeLeft UIInterfaceOrientationLandscapeRight UIInterfaceOrientationPortrait UIInterfaceOrientationPortraitUpsideDown";
				LD_RUNPATH_SEARCH_PATHS = (
					"$(inherited)",
					"@executable_path/Frameworks",
				);
				MARKETING_VERSION = 1.0;
				PRODUCT_BUNDLE_IDENTIFIER = "de.thevisualcablecollective.BetterKia-iOS";
				PRODUCT_NAME = "$(TARGET_NAME)";
				SWIFT_EMIT_LOC_STRINGS = YES;
				SWIFT_VERSION = 5.0;
				TARGETED_DEVICE_FAMILY = "1,2";
			};
			name = Release;
		};
		EB5FAE8F294F7EDD00FF160E /* Debug */ = {
			isa = XCBuildConfiguration;
			buildSettings = {
				BUNDLE_LOADER = "$(TEST_HOST)";
				CODE_SIGN_STYLE = Automatic;
				CURRENT_PROJECT_VERSION = 1;
				DEVELOPMENT_TEAM = 425562S2X6;
				GENERATE_INFOPLIST_FILE = YES;
				IPHONEOS_DEPLOYMENT_TARGET = 16.2;
				MARKETING_VERSION = 1.0;
				PRODUCT_BUNDLE_IDENTIFIER = "de.thevisualcablecollective.BetterKia-iOSTests";
				PRODUCT_NAME = "$(TARGET_NAME)";
				SWIFT_EMIT_LOC_STRINGS = NO;
				SWIFT_VERSION = 5.0;
				TARGETED_DEVICE_FAMILY = "1,2";
				TEST_HOST = "$(BUILT_PRODUCTS_DIR)/BetterKia-iOS.app/$(BUNDLE_EXECUTABLE_FOLDER_PATH)/BetterKia-iOS";
			};
			name = Debug;
		};
		EB5FAE90294F7EDD00FF160E /* Release */ = {
			isa = XCBuildConfiguration;
			buildSettings = {
				BUNDLE_LOADER = "$(TEST_HOST)";
				CODE_SIGN_STYLE = Automatic;
				CURRENT_PROJECT_VERSION = 1;
				DEVELOPMENT_TEAM = 425562S2X6;
				GENERATE_INFOPLIST_FILE = YES;
				IPHONEOS_DEPLOYMENT_TARGET = 16.2;
				MARKETING_VERSION = 1.0;
				PRODUCT_BUNDLE_IDENTIFIER = "de.thevisualcablecollective.BetterKia-iOSTests";
				PRODUCT_NAME = "$(TARGET_NAME)";
				SWIFT_EMIT_LOC_STRINGS = NO;
				SWIFT_VERSION = 5.0;
				TARGETED_DEVICE_FAMILY = "1,2";
				TEST_HOST = "$(BUILT_PRODUCTS_DIR)/BetterKia-iOS.app/$(BUNDLE_EXECUTABLE_FOLDER_PATH)/BetterKia-iOS";
			};
			name = Release;
		};
		EB5FAE92294F7EDD00FF160E /* Debug */ = {
			isa = XCBuildConfiguration;
			buildSettings = {
				CODE_SIGN_STYLE = Automatic;
				CURRENT_PROJECT_VERSION = 1;
				DEVELOPMENT_TEAM = 425562S2X6;
				GENERATE_INFOPLIST_FILE = YES;
				MARKETING_VERSION = 1.0;
				PRODUCT_BUNDLE_IDENTIFIER = "de.thevisualcablecollective.BetterKia-iOSUITests";
				PRODUCT_NAME = "$(TARGET_NAME)";
				SWIFT_EMIT_LOC_STRINGS = NO;
				SWIFT_VERSION = 5.0;
				TARGETED_DEVICE_FAMILY = "1,2";
				TEST_TARGET_NAME = "BetterKia-iOS";
			};
			name = Debug;
		};
		EB5FAE93294F7EDD00FF160E /* Release */ = {
			isa = XCBuildConfiguration;
			buildSettings = {
				CODE_SIGN_STYLE = Automatic;
				CURRENT_PROJECT_VERSION = 1;
				DEVELOPMENT_TEAM = 425562S2X6;
				GENERATE_INFOPLIST_FILE = YES;
				MARKETING_VERSION = 1.0;
				PRODUCT_BUNDLE_IDENTIFIER = "de.thevisualcablecollective.BetterKia-iOSUITests";
				PRODUCT_NAME = "$(TARGET_NAME)";
				SWIFT_EMIT_LOC_STRINGS = NO;
				SWIFT_VERSION = 5.0;
				TARGETED_DEVICE_FAMILY = "1,2";
				TEST_TARGET_NAME = "BetterKia-iOS";
			};
			name = Release;
		};
		EB5FAEA4294F7F4B00FF160E /* Debug */ = {
			isa = XCBuildConfiguration;
			buildSettings = {
				CODE_SIGN_ENTITLEMENTS = "BetterKia-iOSIntentsExtension/BetterKia-iOSIntentsExtension.entitlements";
				CODE_SIGN_STYLE = Automatic;
				CURRENT_PROJECT_VERSION = 1;
				DEVELOPMENT_TEAM = 425562S2X6;
				GENERATE_INFOPLIST_FILE = YES;
				INFOPLIST_FILE = "BetterKia-iOSIntentsExtension/Info.plist";
				INFOPLIST_KEY_CFBundleDisplayName = "BetterKia-iOSIntentsExtension";
				INFOPLIST_KEY_NSHumanReadableCopyright = "";
				LD_RUNPATH_SEARCH_PATHS = (
					"$(inherited)",
					"@executable_path/Frameworks",
					"@executable_path/../../Frameworks",
				);
				MARKETING_VERSION = 1.0;
				PRODUCT_BUNDLE_IDENTIFIER = "de.thevisualcablecollective.BetterKia-iOS.BetterKia-iOSIntentsExtension";
				PRODUCT_NAME = "$(TARGET_NAME)";
				SKIP_INSTALL = YES;
				SWIFT_EMIT_LOC_STRINGS = YES;
				SWIFT_VERSION = 5.0;
				TARGETED_DEVICE_FAMILY = "1,2";
			};
			name = Debug;
		};
		EB5FAEA5294F7F4B00FF160E /* Release */ = {
			isa = XCBuildConfiguration;
			buildSettings = {
				CODE_SIGN_ENTITLEMENTS = "BetterKia-iOSIntentsExtension/BetterKia-iOSIntentsExtension.entitlements";
				CODE_SIGN_STYLE = Automatic;
				CURRENT_PROJECT_VERSION = 1;
				DEVELOPMENT_TEAM = 425562S2X6;
				GENERATE_INFOPLIST_FILE = YES;
				INFOPLIST_FILE = "BetterKia-iOSIntentsExtension/Info.plist";
				INFOPLIST_KEY_CFBundleDisplayName = "BetterKia-iOSIntentsExtension";
				INFOPLIST_KEY_NSHumanReadableCopyright = "";
				LD_RUNPATH_SEARCH_PATHS = (
					"$(inherited)",
					"@executable_path/Frameworks",
					"@executable_path/../../Frameworks",
				);
				MARKETING_VERSION = 1.0;
				PRODUCT_BUNDLE_IDENTIFIER = "de.thevisualcablecollective.BetterKia-iOS.BetterKia-iOSIntentsExtension";
				PRODUCT_NAME = "$(TARGET_NAME)";
				SKIP_INSTALL = YES;
				SWIFT_EMIT_LOC_STRINGS = YES;
				SWIFT_VERSION = 5.0;
				TARGETED_DEVICE_FAMILY = "1,2";
			};
			name = Release;
		};
		EB9EE785295080FE009D4D6A /* Debug */ = {
			isa = XCBuildConfiguration;
			buildSettings = {
				ALWAYS_EMBED_SWIFT_STANDARD_LIBRARIES = YES;
				ASSETCATALOG_COMPILER_APPICON_NAME = AppIcon;
				ASSETCATALOG_COMPILER_GLOBAL_ACCENT_COLOR_NAME = AccentColor;
				CODE_SIGN_ENTITLEMENTS = "BetterKia Watch App/BetterKia Watch App.entitlements";
				CODE_SIGN_STYLE = Automatic;
				CURRENT_PROJECT_VERSION = 1;
				DEVELOPMENT_ASSET_PATHS = "\"BetterKia Watch App/Preview Content\"";
				DEVELOPMENT_TEAM = 425562S2X6;
				ENABLE_PREVIEWS = YES;
				GENERATE_INFOPLIST_FILE = YES;
				INFOPLIST_KEY_CFBundleDisplayName = BetterKia;
				INFOPLIST_KEY_UISupportedInterfaceOrientations = "UIInterfaceOrientationPortrait UIInterfaceOrientationPortraitUpsideDown";
				INFOPLIST_KEY_WKCompanionAppBundleIdentifier = "de.thevisualcablecollective.BetterKia-iOS";
				LD_RUNPATH_SEARCH_PATHS = (
					"$(inherited)",
					"@executable_path/Frameworks",
				);
				MARKETING_VERSION = 1.0;
				PRODUCT_BUNDLE_IDENTIFIER = "de.thevisualcablecollective.BetterKia-iOS.watchkitapp";
				PRODUCT_NAME = "$(TARGET_NAME)";
				SDKROOT = watchos;
				SKIP_INSTALL = YES;
				SWIFT_EMIT_LOC_STRINGS = YES;
				SWIFT_VERSION = 5.0;
				TARGETED_DEVICE_FAMILY = 4;
				WATCHOS_DEPLOYMENT_TARGET = 9.1;
			};
			name = Debug;
		};
		EB9EE786295080FE009D4D6A /* Release */ = {
			isa = XCBuildConfiguration;
			buildSettings = {
				ALWAYS_EMBED_SWIFT_STANDARD_LIBRARIES = YES;
				ASSETCATALOG_COMPILER_APPICON_NAME = AppIcon;
				ASSETCATALOG_COMPILER_GLOBAL_ACCENT_COLOR_NAME = AccentColor;
				CODE_SIGN_ENTITLEMENTS = "BetterKia Watch App/BetterKia Watch App.entitlements";
				CODE_SIGN_STYLE = Automatic;
				CURRENT_PROJECT_VERSION = 1;
				DEVELOPMENT_ASSET_PATHS = "\"BetterKia Watch App/Preview Content\"";
				DEVELOPMENT_TEAM = 425562S2X6;
				ENABLE_PREVIEWS = YES;
				GENERATE_INFOPLIST_FILE = YES;
				INFOPLIST_KEY_CFBundleDisplayName = BetterKia;
				INFOPLIST_KEY_UISupportedInterfaceOrientations = "UIInterfaceOrientationPortrait UIInterfaceOrientationPortraitUpsideDown";
				INFOPLIST_KEY_WKCompanionAppBundleIdentifier = "de.thevisualcablecollective.BetterKia-iOS";
				LD_RUNPATH_SEARCH_PATHS = (
					"$(inherited)",
					"@executable_path/Frameworks",
				);
				MARKETING_VERSION = 1.0;
				PRODUCT_BUNDLE_IDENTIFIER = "de.thevisualcablecollective.BetterKia-iOS.watchkitapp";
				PRODUCT_NAME = "$(TARGET_NAME)";
				SDKROOT = watchos;
				SKIP_INSTALL = YES;
				SWIFT_EMIT_LOC_STRINGS = YES;
				SWIFT_VERSION = 5.0;
				TARGETED_DEVICE_FAMILY = 4;
				WATCHOS_DEPLOYMENT_TARGET = 9.1;
			};
			name = Release;
		};
		EB9EE7952950811C009D4D6A /* Debug */ = {
			isa = XCBuildConfiguration;
			buildSettings = {
				CODE_SIGN_STYLE = Automatic;
				CURRENT_PROJECT_VERSION = 1;
				DEVELOPMENT_TEAM = 425562S2X6;
				GENERATE_INFOPLIST_FILE = YES;
				INFOPLIST_FILE = "BetterKia-WatchIntentsExtension/Info.plist";
				INFOPLIST_KEY_CFBundleDisplayName = "BetterKia-WatchIntentsExtension";
				INFOPLIST_KEY_NSHumanReadableCopyright = "";
				LD_RUNPATH_SEARCH_PATHS = (
					"$(inherited)",
					"@executable_path/Frameworks",
					"@executable_path/../../Frameworks",
					"@executable_path/../../../../Frameworks",
				);
				MARKETING_VERSION = 1.0;
				PRODUCT_BUNDLE_IDENTIFIER = "de.thevisualcablecollective.BetterKia-iOS.watchkitapp.BetterKia-WatchIntentsExtension";
				PRODUCT_NAME = "$(TARGET_NAME)";
				SDKROOT = watchos;
				SKIP_INSTALL = YES;
				SWIFT_EMIT_LOC_STRINGS = YES;
				SWIFT_VERSION = 5.0;
				TARGETED_DEVICE_FAMILY = 4;
				WATCHOS_DEPLOYMENT_TARGET = 9.1;
			};
			name = Debug;
		};
		EB9EE7962950811C009D4D6A /* Release */ = {
			isa = XCBuildConfiguration;
			buildSettings = {
				CODE_SIGN_STYLE = Automatic;
				CURRENT_PROJECT_VERSION = 1;
				DEVELOPMENT_TEAM = 425562S2X6;
				GENERATE_INFOPLIST_FILE = YES;
				INFOPLIST_FILE = "BetterKia-WatchIntentsExtension/Info.plist";
				INFOPLIST_KEY_CFBundleDisplayName = "BetterKia-WatchIntentsExtension";
				INFOPLIST_KEY_NSHumanReadableCopyright = "";
				LD_RUNPATH_SEARCH_PATHS = (
					"$(inherited)",
					"@executable_path/Frameworks",
					"@executable_path/../../Frameworks",
					"@executable_path/../../../../Frameworks",
				);
				MARKETING_VERSION = 1.0;
				PRODUCT_BUNDLE_IDENTIFIER = "de.thevisualcablecollective.BetterKia-iOS.watchkitapp.BetterKia-WatchIntentsExtension";
				PRODUCT_NAME = "$(TARGET_NAME)";
				SDKROOT = watchos;
				SKIP_INSTALL = YES;
				SWIFT_EMIT_LOC_STRINGS = YES;
				SWIFT_VERSION = 5.0;
				TARGETED_DEVICE_FAMILY = 4;
				WATCHOS_DEPLOYMENT_TARGET = 9.1;
			};
			name = Release;
		};
		EB9EE7CB2950B000009D4D6A /* Debug */ = {
			isa = XCBuildConfiguration;
			buildSettings = {
				ASSETCATALOG_COMPILER_GLOBAL_ACCENT_COLOR_NAME = AccentColor;
				ASSETCATALOG_COMPILER_WIDGET_BACKGROUND_COLOR_NAME = WidgetBackground;
				CODE_SIGN_ENTITLEMENTS = "BetterKia-iOSWidgets/BetterKia-iOSWidgets.entitlements";
				CODE_SIGN_STYLE = Automatic;
				CURRENT_PROJECT_VERSION = 1;
				DEVELOPMENT_TEAM = 425562S2X6;
				GENERATE_INFOPLIST_FILE = YES;
				INFOPLIST_FILE = "BetterKia-iOSWidgets/Info.plist";
				INFOPLIST_KEY_CFBundleDisplayName = "BetterKia-iOSWidgets";
				INFOPLIST_KEY_NSHumanReadableCopyright = "";
				LD_RUNPATH_SEARCH_PATHS = (
					"$(inherited)",
					"@executable_path/Frameworks",
					"@executable_path/../../Frameworks",
				);
				MARKETING_VERSION = 1.0;
				PRODUCT_BUNDLE_IDENTIFIER = "de.thevisualcablecollective.BetterKia-iOS.BetterKia-iOSWidgets";
				PRODUCT_NAME = "$(TARGET_NAME)";
				SKIP_INSTALL = YES;
				SWIFT_EMIT_LOC_STRINGS = YES;
				SWIFT_VERSION = 5.0;
				TARGETED_DEVICE_FAMILY = "1,2";
			};
			name = Debug;
		};
		EB9EE7CC2950B000009D4D6A /* Release */ = {
			isa = XCBuildConfiguration;
			buildSettings = {
				ASSETCATALOG_COMPILER_GLOBAL_ACCENT_COLOR_NAME = AccentColor;
				ASSETCATALOG_COMPILER_WIDGET_BACKGROUND_COLOR_NAME = WidgetBackground;
				CODE_SIGN_ENTITLEMENTS = "BetterKia-iOSWidgets/BetterKia-iOSWidgets.entitlements";
				CODE_SIGN_STYLE = Automatic;
				CURRENT_PROJECT_VERSION = 1;
				DEVELOPMENT_TEAM = 425562S2X6;
				GENERATE_INFOPLIST_FILE = YES;
				INFOPLIST_FILE = "BetterKia-iOSWidgets/Info.plist";
				INFOPLIST_KEY_CFBundleDisplayName = "BetterKia-iOSWidgets";
				INFOPLIST_KEY_NSHumanReadableCopyright = "";
				LD_RUNPATH_SEARCH_PATHS = (
					"$(inherited)",
					"@executable_path/Frameworks",
					"@executable_path/../../Frameworks",
				);
				MARKETING_VERSION = 1.0;
				PRODUCT_BUNDLE_IDENTIFIER = "de.thevisualcablecollective.BetterKia-iOS.BetterKia-iOSWidgets";
				PRODUCT_NAME = "$(TARGET_NAME)";
				SKIP_INSTALL = YES;
				SWIFT_EMIT_LOC_STRINGS = YES;
				SWIFT_VERSION = 5.0;
				TARGETED_DEVICE_FAMILY = "1,2";
			};
			name = Release;
		};
/* End XCBuildConfiguration section */

/* Begin XCConfigurationList section */
		EB5FAE62294F7EDC00FF160E /* Build configuration list for PBXProject "BetterKia-iOS" */ = {
			isa = XCConfigurationList;
			buildConfigurations = (
				EB5FAE89294F7EDD00FF160E /* Debug */,
				EB5FAE8A294F7EDD00FF160E /* Release */,
			);
			defaultConfigurationIsVisible = 0;
			defaultConfigurationName = Release;
		};
		EB5FAE8B294F7EDD00FF160E /* Build configuration list for PBXNativeTarget "BetterKia-iOS" */ = {
			isa = XCConfigurationList;
			buildConfigurations = (
				EB5FAE8C294F7EDD00FF160E /* Debug */,
				EB5FAE8D294F7EDD00FF160E /* Release */,
			);
			defaultConfigurationIsVisible = 0;
			defaultConfigurationName = Release;
		};
		EB5FAE8E294F7EDD00FF160E /* Build configuration list for PBXNativeTarget "BetterKia-iOSTests" */ = {
			isa = XCConfigurationList;
			buildConfigurations = (
				EB5FAE8F294F7EDD00FF160E /* Debug */,
				EB5FAE90294F7EDD00FF160E /* Release */,
			);
			defaultConfigurationIsVisible = 0;
			defaultConfigurationName = Release;
		};
		EB5FAE91294F7EDD00FF160E /* Build configuration list for PBXNativeTarget "BetterKia-iOSUITests" */ = {
			isa = XCConfigurationList;
			buildConfigurations = (
				EB5FAE92294F7EDD00FF160E /* Debug */,
				EB5FAE93294F7EDD00FF160E /* Release */,
			);
			defaultConfigurationIsVisible = 0;
			defaultConfigurationName = Release;
		};
		EB5FAEA3294F7F4B00FF160E /* Build configuration list for PBXNativeTarget "BetterKia-iOSIntentsExtension" */ = {
			isa = XCConfigurationList;
			buildConfigurations = (
				EB5FAEA4294F7F4B00FF160E /* Debug */,
				EB5FAEA5294F7F4B00FF160E /* Release */,
			);
			defaultConfigurationIsVisible = 0;
			defaultConfigurationName = Release;
		};
		EB9EE784295080FE009D4D6A /* Build configuration list for PBXNativeTarget "BetterKia Watch App" */ = {
			isa = XCConfigurationList;
			buildConfigurations = (
				EB9EE785295080FE009D4D6A /* Debug */,
				EB9EE786295080FE009D4D6A /* Release */,
			);
			defaultConfigurationIsVisible = 0;
			defaultConfigurationName = Release;
		};
		EB9EE7942950811C009D4D6A /* Build configuration list for PBXNativeTarget "BetterKia-WatchIntentsExtension" */ = {
			isa = XCConfigurationList;
			buildConfigurations = (
				EB9EE7952950811C009D4D6A /* Debug */,
				EB9EE7962950811C009D4D6A /* Release */,
			);
			defaultConfigurationIsVisible = 0;
			defaultConfigurationName = Release;
		};
		EB9EE7CA2950B000009D4D6A /* Build configuration list for PBXNativeTarget "BetterKia-iOSWidgets" */ = {
			isa = XCConfigurationList;
			buildConfigurations = (
				EB9EE7CB2950B000009D4D6A /* Debug */,
				EB9EE7CC2950B000009D4D6A /* Release */,
			);
			defaultConfigurationIsVisible = 0;
			defaultConfigurationName = Release;
		};
/* End XCConfigurationList section */

/* Begin XCRemoteSwiftPackageReference section */
		EB0FB989296F2C3000898ADA /* XCRemoteSwiftPackageReference "lottie-ios" */ = {
			isa = XCRemoteSwiftPackageReference;
			repositoryURL = "https://github.com/airbnb/lottie-ios.git";
			requirement = {
				kind = upToNextMajorVersion;
				minimumVersion = 4.0.0;
			};
		};
		EBF623E729A23D67003044AC /* XCRemoteSwiftPackageReference "sentry-cocoa" */ = {
			isa = XCRemoteSwiftPackageReference;
			repositoryURL = "https://github.com/getsentry/sentry-cocoa.git";
			requirement = {
				kind = upToNextMajorVersion;
				minimumVersion = 8.0.0;
			};
		};
/* End XCRemoteSwiftPackageReference section */

/* Begin XCSwiftPackageProductDependency section */
		EB0FB98A296F2C3000898ADA /* Lottie */ = {
			isa = XCSwiftPackageProductDependency;
			package = EB0FB989296F2C3000898ADA /* XCRemoteSwiftPackageReference "lottie-ios" */;
			productName = Lottie;
		};
		EBF623E829A23D67003044AC /* Sentry */ = {
			isa = XCSwiftPackageProductDependency;
			package = EBF623E729A23D67003044AC /* XCRemoteSwiftPackageReference "sentry-cocoa" */;
			productName = Sentry;
		};
		EBF623EA29A23D67003044AC /* SentrySwiftUI */ = {
			isa = XCSwiftPackageProductDependency;
			package = EBF623E729A23D67003044AC /* XCRemoteSwiftPackageReference "sentry-cocoa" */;
			productName = SentrySwiftUI;
		};
/* End XCSwiftPackageProductDependency section */
	};
	rootObject = EB5FAE5F294F7EDC00FF160E /* Project object */;
}
